// !$*UTF8*$!
{
	archiveVersion = 1;
	classes = {
	};
	objectVersion = 77;
	objects = {

/* Begin PBXBuildFile section */
		0A9B108D47176B9D158D529F /* RoomsView.swift in Sources */ = {isa = PBXBuildFile; fileRef = 37B369180E9061586B748293 /* RoomsView.swift */; };
		13D72BB82D2E28E0C5D9FC1F /* MeasureAView.swift in Sources */ = {isa = PBXBuildFile; fileRef = 17C1C8C652EFBF00272FCCB6 /* MeasureAView.swift */; };
		16F225DC0C15AAA28F8BC785 /* MeasureCView.swift in Sources */ = {isa = PBXBuildFile; fileRef = A9A506848E51054BBE6D3F89 /* MeasureCView.swift */; };
		175B4C807A2DAE4CD363648C /* TapeScanTests.swift in Sources */ = {isa = PBXBuildFile; fileRef = F534B6DECCED95D4F2624D05 /* TapeScanTests.swift */; };
		184B5D9EDE69FC26A85F7E85 /* ValuePill.swift in Sources */ = {isa = PBXBuildFile; fileRef = D1AC54FA770A82B8D6CA0C1E /* ValuePill.swift */; };
		1E6BAB4453BD1B7C43283CD8 /* MeasureView.swift in Sources */ = {isa = PBXBuildFile; fileRef = 50F0F62E8A1598538A27FA0D /* MeasureView.swift */; };
		23ED6FDA8526D305D61BDC3A /* OnbPermissionView.swift in Sources */ = {isa = PBXBuildFile; fileRef = AFAFB6B1232B7B52D13B8BEE /* OnbPermissionView.swift */; };
		24572D0C07F85AABC4A98BF5 /* Reticle.swift in Sources */ = {isa = PBXBuildFile; fileRef = 02308EBCC17F244732D61EC5 /* Reticle.swift */; };
		36F52922C6F0F66DF86CA2AF /* PrivacyInfo.xcprivacy in Resources */ = {isa = PBXBuildFile; fileRef = 8F4415FC55B06D165637F018 /* PrivacyInfo.xcprivacy */; };
		37B5F3ECAECA81D3902B6210 /* FeaturePoints.swift in Sources */ = {isa = PBXBuildFile; fileRef = E7A5FC2A7168A15722D974C5 /* FeaturePoints.swift */; };
		4456D7997157B38BC63AD2ED /* MeasureControls.swift in Sources */ = {isa = PBXBuildFile; fileRef = 6DC663AC61E6EE415EDF16D3 /* MeasureControls.swift */; };
		48CB6E4559E01BEB76D739B7 /* OnboardingFlowView.swift in Sources */ = {isa = PBXBuildFile; fileRef = 63FAF7B6E03F5CD60157E24D /* OnboardingFlowView.swift */; };
		52FA790DB8A96E72BA089E0F /* CreateAccountView.swift in Sources */ = {isa = PBXBuildFile; fileRef = FF8A69608238A83D96D8E9B5 /* CreateAccountView.swift */; };
		53AD88BDE903AE1C1FC17263 /* GroupedList.swift in Sources */ = {isa = PBXBuildFile; fileRef = F8A44956BDB1D755CA082147 /* GroupedList.swift */; };
		57E712A45120EC1F39171A2E /* FloorPlan.swift in Sources */ = {isa = PBXBuildFile; fileRef = 0B2E9DB5F611E5C25596519F /* FloorPlan.swift */; };
		5B1844E9703037E1F4C95592 /* OnbWelcomeView.swift in Sources */ = {isa = PBXBuildFile; fileRef = C5124BB5FB7F73707690AF26 /* OnbWelcomeView.swift */; };
		5EEC806565B98002230E9914 /* OnbCalibrateView.swift in Sources */ = {isa = PBXBuildFile; fileRef = 6040C95B6A2583E5DBB4206B /* OnbCalibrateView.swift */; };
		650EB1DECF310366FF7974CB /* Chip.swift in Sources */ = {isa = PBXBuildFile; fileRef = BB7FB7B4E97A3D4BA41FB164 /* Chip.swift */; };
		68783F56FDF5A4E09D1E63BC /* RoomScanView.swift in Sources */ = {isa = PBXBuildFile; fileRef = 7952A6746C94C008AE553685 /* RoomScanView.swift */; };
		69D6689E4E6C89C9823ED6CA /* VerifyCodeView.swift in Sources */ = {isa = PBXBuildFile; fileRef = 3118D2DE645FBF43DC831E5A /* VerifyCodeView.swift */; };
		94E8435400B188DDE786D3F6 /* Icon.swift in Sources */ = {isa = PBXBuildFile; fileRef = 8850CB15986A4D93B73F780D /* Icon.swift */; };
		95EE4E16BE1BEA13CB4CC66B /* AppState.swift in Sources */ = {isa = PBXBuildFile; fileRef = 13A1D8EAB15807296E75631F /* AppState.swift */; };
		9BFE95BAB6EDBCE4D0E5CB9B /* MeasureScene.swift in Sources */ = {isa = PBXBuildFile; fileRef = 622523F0B707C36A93521FA0 /* MeasureScene.swift */; };
		A64F26C86BA7E167EA61F3D4 /* SmokeTests.swift in Sources */ = {isa = PBXBuildFile; fileRef = C33295A46F03522A0D5E08D0 /* SmokeTests.swift */; };
		B05465B8DB655BD0A33920A1 /* Color+Hex.swift in Sources */ = {isa = PBXBuildFile; fileRef = DAFF30AA1CBCAE8050BC3F84 /* Color+Hex.swift */; };
		B0E5E6C09D5F31F138C15C9E /* TapeMeasureARProApp.swift in Sources */ = {isa = PBXBuildFile; fileRef = 83A10A28D18885D2E97D4409 /* TapeMeasureARProApp.swift */; };
		B2B4B8BF8508D8065DA1F753 /* UnitFormatters.swift in Sources */ = {isa = PBXBuildFile; fileRef = 3D46DA5FEF1B06BEC02241B5 /* UnitFormatters.swift */; };
		B7213F3F88F763A2DCF90013 /* PaywallView.swift in Sources */ = {isa = PBXBuildFile; fileRef = FB79D2D010BAACCC1BCB70B7 /* PaywallView.swift */; };
		BF592A236331CCD85A175F8F /* HistoryView.swift in Sources */ = {isa = PBXBuildFile; fileRef = 63E32F053E2D0D2929E8319F /* HistoryView.swift */; };
		BF5B701A0E7EA80D8344E3C9 /* PurchaseService.swift in Sources */ = {isa = PBXBuildFile; fileRef = 4F78D476098320E1D9357A55 /* PurchaseService.swift */; };
		C0F00F48DA584A479953E9FF /* ExportView.swift in Sources */ = {isa = PBXBuildFile; fileRef = E2E5D402CBACEDB5272CF415 /* ExportView.swift */; };
		C92337A45C20C4B52AC64965 /* SettingsView.swift in Sources */ = {isa = PBXBuildFile; fileRef = 9383F93E0991D93B5872C43B /* SettingsView.swift */; };
		CACF68FB1670F7B6D81F4AF4 /* ARMeasureService.swift in Sources */ = {isa = PBXBuildFile; fileRef = 8119FF31F81C5BACBD109115 /* ARMeasureService.swift */; };
		CD13EBA4B022C01978CBF588 /* GlassCard.swift in Sources */ = {isa = PBXBuildFile; fileRef = FB4C6B6F6A4D0882DA4E4635 /* GlassCard.swift */; };
		E0BC4C1DB5968F240F49CBCE /* CameraBackdrop.swift in Sources */ = {isa = PBXBuildFile; fileRef = C354D269884E484AB77F6F78 /* CameraBackdrop.swift */; };
		E15761CBCC13A49DF5564BC2 /* Theme.swift in Sources */ = {isa = PBXBuildFile; fileRef = 54C7A01A4C164B6B13709437 /* Theme.swift */; };
		E4013C34C559814D9DB70BF9 /* IOSControls.swift in Sources */ = {isa = PBXBuildFile; fileRef = 67FB94D7256A0FDE78036E47 /* IOSControls.swift */; };
		E6D8B7621910E53E200027AD /* SignInView.swift in Sources */ = {isa = PBXBuildFile; fileRef = A3F1882FED0A1E47F2DE1891 /* SignInView.swift */; };
		E86696095F32FB38EF7C89A8 /* MeasureBView.swift in Sources */ = {isa = PBXBuildFile; fileRef = A0DF1DA862210F71D931D7B6 /* MeasureBView.swift */; };
		EAA678EBB93AB96C28E1ACBF /* AuthFlowView.swift in Sources */ = {isa = PBXBuildFile; fileRef = 4445267E139B05347C7E4A6A /* AuthFlowView.swift */; };
		EE8D34F74F597B4E1D028B28 /* RootView.swift in Sources */ = {isa = PBXBuildFile; fileRef = B2522359FDE1BAD3E5D96DF4 /* RootView.swift */; };
		F0DFFCC86BF09B288593038E /* Assets.xcassets in Resources */ = {isa = PBXBuildFile; fileRef = 3968C15BB6FAA92E39C59E51 /* Assets.xcassets */; };
		F4FF90F876792C9F28387868 /* MainTabView.swift in Sources */ = {isa = PBXBuildFile; fileRef = F6F61C2EDCB344C97C164FD8 /* MainTabView.swift */; };
		FC135E720CF81755DFD5C8A9 /* Shutter.swift in Sources */ = {isa = PBXBuildFile; fileRef = 77950248AF8E8925748BFEAC /* Shutter.swift */; };
/* End PBXBuildFile section */

/* Begin PBXContainerItemProxy section */
		5E0CA1C11E35C0630C61EE41 /* PBXContainerItemProxy */ = {
			isa = PBXContainerItemProxy;
			containerPortal = 3F122ADEC9B9E63256D6D0B3 /* Project object */;
			proxyType = 1;
			remoteGlobalIDString = 05A75B0662002628944FCC28;
			remoteInfo = TapeScan;
		};
		A7F71BBBC53CD1D67001A67E /* PBXContainerItemProxy */ = {
			isa = PBXContainerItemProxy;
			containerPortal = 3F122ADEC9B9E63256D6D0B3 /* Project object */;
			proxyType = 1;
			remoteGlobalIDString = 05A75B0662002628944FCC28;
			remoteInfo = TapeScan;
		};
/* End PBXContainerItemProxy section */

/* Begin PBXFileReference section */
		02308EBCC17F244732D61EC5 /* Reticle.swift */ = {isa = PBXFileReference; lastKnownFileType = sourcecode.swift; path = Reticle.swift; sourceTree = "<group>"; };
		0B2E9DB5F611E5C25596519F /* FloorPlan.swift */ = {isa = PBXFileReference; lastKnownFileType = sourcecode.swift; path = FloorPlan.swift; sourceTree = "<group>"; };
		13A1D8EAB15807296E75631F /* AppState.swift */ = {isa = PBXFileReference; lastKnownFileType = sourcecode.swift; path = AppState.swift; sourceTree = "<group>"; };
		17C1C8C652EFBF00272FCCB6 /* MeasureAView.swift */ = {isa = PBXFileReference; lastKnownFileType = sourcecode.swift; path = MeasureAView.swift; sourceTree = "<group>"; };
		23BC2ACFCD872AC7C1E32651 /* TapeScan.app */ = {isa = PBXFileReference; includeInIndex = 0; lastKnownFileType = wrapper.application; path = TapeScan.app; sourceTree = BUILT_PRODUCTS_DIR; };
		3118D2DE645FBF43DC831E5A /* VerifyCodeView.swift */ = {isa = PBXFileReference; lastKnownFileType = sourcecode.swift; path = VerifyCodeView.swift; sourceTree = "<group>"; };
		37B369180E9061586B748293 /* RoomsView.swift */ = {isa = PBXFileReference; lastKnownFileType = sourcecode.swift; path = RoomsView.swift; sourceTree = "<group>"; };
		3968C15BB6FAA92E39C59E51 /* Assets.xcassets */ = {isa = PBXFileReference; lastKnownFileType = folder.assetcatalog; path = Assets.xcassets; sourceTree = "<group>"; };
		3D46DA5FEF1B06BEC02241B5 /* UnitFormatters.swift */ = {isa = PBXFileReference; lastKnownFileType = sourcecode.swift; path = UnitFormatters.swift; sourceTree = "<group>"; };
		4280D7ABC74C9C8768A1A4AD /* Info.plist */ = {isa = PBXFileReference; lastKnownFileType = text.plist; path = Info.plist; sourceTree = "<group>"; };
		4445267E139B05347C7E4A6A /* AuthFlowView.swift */ = {isa = PBXFileReference; lastKnownFileType = sourcecode.swift; path = AuthFlowView.swift; sourceTree = "<group>"; };
		4F78D476098320E1D9357A55 /* PurchaseService.swift */ = {isa = PBXFileReference; lastKnownFileType = sourcecode.swift; path = PurchaseService.swift; sourceTree = "<group>"; };
		50F0F62E8A1598538A27FA0D /* MeasureView.swift */ = {isa = PBXFileReference; lastKnownFileType = sourcecode.swift; path = MeasureView.swift; sourceTree = "<group>"; };
		54C7A01A4C164B6B13709437 /* Theme.swift */ = {isa = PBXFileReference; lastKnownFileType = sourcecode.swift; path = Theme.swift; sourceTree = "<group>"; };
		6040C95B6A2583E5DBB4206B /* OnbCalibrateView.swift */ = {isa = PBXFileReference; lastKnownFileType = sourcecode.swift; path = OnbCalibrateView.swift; sourceTree = "<group>"; };
		622523F0B707C36A93521FA0 /* MeasureScene.swift */ = {isa = PBXFileReference; lastKnownFileType = sourcecode.swift; path = MeasureScene.swift; sourceTree = "<group>"; };
		63E32F053E2D0D2929E8319F /* HistoryView.swift */ = {isa = PBXFileReference; lastKnownFileType = sourcecode.swift; path = HistoryView.swift; sourceTree = "<group>"; };
		63FAF7B6E03F5CD60157E24D /* OnboardingFlowView.swift */ = {isa = PBXFileReference; lastKnownFileType = sourcecode.swift; path = OnboardingFlowView.swift; sourceTree = "<group>"; };
		674376DA03859FB83A3B8BE9 /* TapeScanTests.xctest */ = {isa = PBXFileReference; includeInIndex = 0; lastKnownFileType = wrapper.cfbundle; path = TapeScanTests.xctest; sourceTree = BUILT_PRODUCTS_DIR; };
		67FB94D7256A0FDE78036E47 /* IOSControls.swift */ = {isa = PBXFileReference; lastKnownFileType = sourcecode.swift; path = IOSControls.swift; sourceTree = "<group>"; };
		6DC663AC61E6EE415EDF16D3 /* MeasureControls.swift */ = {isa = PBXFileReference; lastKnownFileType = sourcecode.swift; path = MeasureControls.swift; sourceTree = "<group>"; };
		6EFD9F8D9FF0E08636D87786 /* TapeScanUITests.xctest */ = {isa = PBXFileReference; includeInIndex = 0; lastKnownFileType = wrapper.cfbundle; path = TapeScanUITests.xctest; sourceTree = BUILT_PRODUCTS_DIR; };
		77950248AF8E8925748BFEAC /* Shutter.swift */ = {isa = PBXFileReference; lastKnownFileType = sourcecode.swift; path = Shutter.swift; sourceTree = "<group>"; };
		7952A6746C94C008AE553685 /* RoomScanView.swift */ = {isa = PBXFileReference; lastKnownFileType = sourcecode.swift; path = RoomScanView.swift; sourceTree = "<group>"; };
		8119FF31F81C5BACBD109115 /* ARMeasureService.swift */ = {isa = PBXFileReference; lastKnownFileType = sourcecode.swift; path = ARMeasureService.swift; sourceTree = "<group>"; };
		83A10A28D18885D2E97D4409 /* TapeMeasureARProApp.swift */ = {isa = PBXFileReference; lastKnownFileType = sourcecode.swift; path = TapeMeasureARProApp.swift; sourceTree = "<group>"; };
		8850CB15986A4D93B73F780D /* Icon.swift */ = {isa = PBXFileReference; lastKnownFileType = sourcecode.swift; path = Icon.swift; sourceTree = "<group>"; };
		8F4415FC55B06D165637F018 /* PrivacyInfo.xcprivacy */ = {isa = PBXFileReference; path = PrivacyInfo.xcprivacy; sourceTree = "<group>"; };
		9383F93E0991D93B5872C43B /* SettingsView.swift */ = {isa = PBXFileReference; lastKnownFileType = sourcecode.swift; path = SettingsView.swift; sourceTree = "<group>"; };
		A0DF1DA862210F71D931D7B6 /* MeasureBView.swift */ = {isa = PBXFileReference; lastKnownFileType = sourcecode.swift; path = MeasureBView.swift; sourceTree = "<group>"; };
		A3F1882FED0A1E47F2DE1891 /* SignInView.swift */ = {isa = PBXFileReference; lastKnownFileType = sourcecode.swift; path = SignInView.swift; sourceTree = "<group>"; };
		A9A506848E51054BBE6D3F89 /* MeasureCView.swift */ = {isa = PBXFileReference; lastKnownFileType = sourcecode.swift; path = MeasureCView.swift; sourceTree = "<group>"; };
		A9FB5B4D1601D87E6C8D53BB /* TapeScan.entitlements */ = {isa = PBXFileReference; lastKnownFileType = text.plist.entitlements; path = TapeScan.entitlements; sourceTree = "<group>"; };
		AFAFB6B1232B7B52D13B8BEE /* OnbPermissionView.swift */ = {isa = PBXFileReference; lastKnownFileType = sourcecode.swift; path = OnbPermissionView.swift; sourceTree = "<group>"; };
		B2522359FDE1BAD3E5D96DF4 /* RootView.swift */ = {isa = PBXFileReference; lastKnownFileType = sourcecode.swift; path = RootView.swift; sourceTree = "<group>"; };
		BB7FB7B4E97A3D4BA41FB164 /* Chip.swift */ = {isa = PBXFileReference; lastKnownFileType = sourcecode.swift; path = Chip.swift; sourceTree = "<group>"; };
		C33295A46F03522A0D5E08D0 /* SmokeTests.swift */ = {isa = PBXFileReference; lastKnownFileType = sourcecode.swift; path = SmokeTests.swift; sourceTree = "<group>"; };
		C354D269884E484AB77F6F78 /* CameraBackdrop.swift */ = {isa = PBXFileReference; lastKnownFileType = sourcecode.swift; path = CameraBackdrop.swift; sourceTree = "<group>"; };
		C5124BB5FB7F73707690AF26 /* OnbWelcomeView.swift */ = {isa = PBXFileReference; lastKnownFileType = sourcecode.swift; path = OnbWelcomeView.swift; sourceTree = "<group>"; };
		D1AC54FA770A82B8D6CA0C1E /* ValuePill.swift */ = {isa = PBXFileReference; lastKnownFileType = sourcecode.swift; path = ValuePill.swift; sourceTree = "<group>"; };
		DAFF30AA1CBCAE8050BC3F84 /* Color+Hex.swift */ = {isa = PBXFileReference; lastKnownFileType = sourcecode.swift; path = "Color+Hex.swift"; sourceTree = "<group>"; };
		E2E5D402CBACEDB5272CF415 /* ExportView.swift */ = {isa = PBXFileReference; lastKnownFileType = sourcecode.swift; path = ExportView.swift; sourceTree = "<group>"; };
		E7A5FC2A7168A15722D974C5 /* FeaturePoints.swift */ = {isa = PBXFileReference; lastKnownFileType = sourcecode.swift; path = FeaturePoints.swift; sourceTree = "<group>"; };
		F534B6DECCED95D4F2624D05 /* TapeScanTests.swift */ = {isa = PBXFileReference; lastKnownFileType = sourcecode.swift; path = TapeScanTests.swift; sourceTree = "<group>"; };
		F6F61C2EDCB344C97C164FD8 /* MainTabView.swift */ = {isa = PBXFileReference; lastKnownFileType = sourcecode.swift; path = MainTabView.swift; sourceTree = "<group>"; };
		F8A44956BDB1D755CA082147 /* GroupedList.swift */ = {isa = PBXFileReference; lastKnownFileType = sourcecode.swift; path = GroupedList.swift; sourceTree = "<group>"; };
		FB4C6B6F6A4D0882DA4E4635 /* GlassCard.swift */ = {isa = PBXFileReference; lastKnownFileType = sourcecode.swift; path = GlassCard.swift; sourceTree = "<group>"; };
		FB79D2D010BAACCC1BCB70B7 /* PaywallView.swift */ = {isa = PBXFileReference; lastKnownFileType = sourcecode.swift; path = PaywallView.swift; sourceTree = "<group>"; };
		FF8A69608238A83D96D8E9B5 /* CreateAccountView.swift */ = {isa = PBXFileReference; lastKnownFileType = sourcecode.swift; path = CreateAccountView.swift; sourceTree = "<group>"; };
/* End PBXFileReference section */

/* Begin PBXGroup section */
		1D0647487A4092898F5B6959 /* Theme */ = {
			isa = PBXGroup;
			children = (
				DAFF30AA1CBCAE8050BC3F84 /* Color+Hex.swift */,
				54C7A01A4C164B6B13709437 /* Theme.swift */,
				3D46DA5FEF1B06BEC02241B5 /* UnitFormatters.swift */,
			);
			path = Theme;
			sourceTree = "<group>";
		};
		249F2A394DBE0E64E7468401 /* Tests */ = {
			isa = PBXGroup;
			children = (
				E2B954474B3FFE87D77C3A36 /* TapeScanTests */,
				BDEBED75DEFAF4646DA93872 /* TapeScanUITests */,
			);
			path = Tests;
			sourceTree = "<group>";
		};
		4B4ACD89149DC5A7649E25C3 /* Rooms */ = {
			isa = PBXGroup;
			children = (
				E2E5D402CBACEDB5272CF415 /* ExportView.swift */,
				FB79D2D010BAACCC1BCB70B7 /* PaywallView.swift */,
				4F78D476098320E1D9357A55 /* PurchaseService.swift */,
				7952A6746C94C008AE553685 /* RoomScanView.swift */,
			);
			path = Rooms;
			sourceTree = "<group>";
		};
		55FF0D88EC78956CC7301A38 /* Resources */ = {
			isa = PBXGroup;
			children = (
				3968C15BB6FAA92E39C59E51 /* Assets.xcassets */,
				4280D7ABC74C9C8768A1A4AD /* Info.plist */,
				8F4415FC55B06D165637F018 /* PrivacyInfo.xcprivacy */,
				A9FB5B4D1601D87E6C8D53BB /* TapeScan.entitlements */,
			);
			path = Resources;
			sourceTree = "<group>";
		};
		7E327E836B205C873BF82DAC /* Sources */ = {
			isa = PBXGroup;
			children = (
				B8FED12127CAEFB04DD62C86 /* App */,
				DDF5B33CB4746EEB52A74F82 /* Components */,
				55FF0D88EC78956CC7301A38 /* Resources */,
				D80ECC71E4C3E3E7540B5300 /* Screens */,
				F055BEB6C9D618D7595C7400 /* Services */,
				1D0647487A4092898F5B6959 /* Theme */,
			);
			path = Sources;
			sourceTree = "<group>";
		};
		88AC7ED62144FF19D97C72B3 /* Onboarding */ = {
			isa = PBXGroup;
			children = (
				6040C95B6A2583E5DBB4206B /* OnbCalibrateView.swift */,
				63FAF7B6E03F5CD60157E24D /* OnboardingFlowView.swift */,
				AFAFB6B1232B7B52D13B8BEE /* OnbPermissionView.swift */,
				C5124BB5FB7F73707690AF26 /* OnbWelcomeView.swift */,
			);
			path = Onboarding;
			sourceTree = "<group>";
		};
		8A9EAD693376B621BF2D22AE /* Auth */ = {
			isa = PBXGroup;
			children = (
				FF8A69608238A83D96D8E9B5 /* CreateAccountView.swift */,
				A3F1882FED0A1E47F2DE1891 /* SignInView.swift */,
				3118D2DE645FBF43DC831E5A /* VerifyCodeView.swift */,
			);
			path = Auth;
			sourceTree = "<group>";
		};
		9FA20C8FF9B34EF506163EF1 /* Measure */ = {
			isa = PBXGroup;
			children = (
				17C1C8C652EFBF00272FCCB6 /* MeasureAView.swift */,
				A0DF1DA862210F71D931D7B6 /* MeasureBView.swift */,
				6DC663AC61E6EE415EDF16D3 /* MeasureControls.swift */,
				A9A506848E51054BBE6D3F89 /* MeasureCView.swift */,
				622523F0B707C36A93521FA0 /* MeasureScene.swift */,
				50F0F62E8A1598538A27FA0D /* MeasureView.swift */,
			);
			path = Measure;
			sourceTree = "<group>";
		};
		B8FED12127CAEFB04DD62C86 /* App */ = {
			isa = PBXGroup;
			children = (
				13A1D8EAB15807296E75631F /* AppState.swift */,
				4445267E139B05347C7E4A6A /* AuthFlowView.swift */,
				F6F61C2EDCB344C97C164FD8 /* MainTabView.swift */,
				37B369180E9061586B748293 /* RoomsView.swift */,
				B2522359FDE1BAD3E5D96DF4 /* RootView.swift */,
				83A10A28D18885D2E97D4409 /* TapeMeasureARProApp.swift */,
			);
			path = App;
			sourceTree = "<group>";
		};
		BDEBED75DEFAF4646DA93872 /* TapeScanUITests */ = {
			isa = PBXGroup;
			children = (
				C33295A46F03522A0D5E08D0 /* SmokeTests.swift */,
			);
			path = TapeScanUITests;
			sourceTree = "<group>";
		};
		C5DC905A50168D5F2DA27108 /* Products */ = {
			isa = PBXGroup;
			children = (
				23BC2ACFCD872AC7C1E32651 /* TapeScan.app */,
				674376DA03859FB83A3B8BE9 /* TapeScanTests.xctest */,
				6EFD9F8D9FF0E08636D87786 /* TapeScanUITests.xctest */,
			);
			name = Products;
			sourceTree = "<group>";
		};
		D80ECC71E4C3E3E7540B5300 /* Screens */ = {
			isa = PBXGroup;
			children = (
				8A9EAD693376B621BF2D22AE /* Auth */,
				FFD80B74849A3C2DCD2553E8 /* Library */,
				9FA20C8FF9B34EF506163EF1 /* Measure */,
				88AC7ED62144FF19D97C72B3 /* Onboarding */,
				4B4ACD89149DC5A7649E25C3 /* Rooms */,
			);
			path = Screens;
			sourceTree = "<group>";
		};
		DDF5B33CB4746EEB52A74F82 /* Components */ = {
			isa = PBXGroup;
			children = (
				C354D269884E484AB77F6F78 /* CameraBackdrop.swift */,
				BB7FB7B4E97A3D4BA41FB164 /* Chip.swift */,
				E7A5FC2A7168A15722D974C5 /* FeaturePoints.swift */,
				0B2E9DB5F611E5C25596519F /* FloorPlan.swift */,
				FB4C6B6F6A4D0882DA4E4635 /* GlassCard.swift */,
				8850CB15986A4D93B73F780D /* Icon.swift */,
				67FB94D7256A0FDE78036E47 /* IOSControls.swift */,
				02308EBCC17F244732D61EC5 /* Reticle.swift */,
				77950248AF8E8925748BFEAC /* Shutter.swift */,
				D1AC54FA770A82B8D6CA0C1E /* ValuePill.swift */,
			);
			path = Components;
			sourceTree = "<group>";
		};
		E2B954474B3FFE87D77C3A36 /* TapeScanTests */ = {
			isa = PBXGroup;
			children = (
				F534B6DECCED95D4F2624D05 /* TapeScanTests.swift */,
			);
			path = TapeScanTests;
			sourceTree = "<group>";
		};
		F055BEB6C9D618D7595C7400 /* Services */ = {
			isa = PBXGroup;
			children = (
				8119FF31F81C5BACBD109115 /* ARMeasureService.swift */,
			);
			path = Services;
			sourceTree = "<group>";
		};
		FF220E14C4D2EA0634A15469 = {
			isa = PBXGroup;
			children = (
				7E327E836B205C873BF82DAC /* Sources */,
				249F2A394DBE0E64E7468401 /* Tests */,
				C5DC905A50168D5F2DA27108 /* Products */,
			);
			sourceTree = "<group>";
		};
		FFD80B74849A3C2DCD2553E8 /* Library */ = {
			isa = PBXGroup;
			children = (
				F8A44956BDB1D755CA082147 /* GroupedList.swift */,
				63E32F053E2D0D2929E8319F /* HistoryView.swift */,
				9383F93E0991D93B5872C43B /* SettingsView.swift */,
			);
			path = Library;
			sourceTree = "<group>";
		};
/* End PBXGroup section */

/* Begin PBXNativeTarget section */
		05A75B0662002628944FCC28 /* TapeScan */ = {
			isa = PBXNativeTarget;
			buildConfigurationList = 5744FF876F6A46608796AF4B /* Build configuration list for PBXNativeTarget "TapeScan" */;
			buildPhases = (
				4CD7BC8594D2C8C8D6990AF4 /* Sources */,
				649BC8D26F1BFF5CD93952D2 /* Resources */,
			);
			buildRules = (
			);
			dependencies = (
			);
			name = TapeScan;
			packageProductDependencies = (
			);
			productName = TapeScan;
			productReference = 23BC2ACFCD872AC7C1E32651 /* TapeScan.app */;
			productType = "com.apple.product-type.application";
		};
		821DCCDD32C06B10DE2AAE3C /* TapeScanTests */ = {
			isa = PBXNativeTarget;
			buildConfigurationList = 7377904901C7685F5C1FE3B2 /* Build configuration list for PBXNativeTarget "TapeScanTests" */;
			buildPhases = (
				69C8C66AA209DE9AE3AD5442 /* Sources */,
			);
			buildRules = (
			);
			dependencies = (
				A9D8F1E5F47220B0A9850C02 /* PBXTargetDependency */,
			);
			name = TapeScanTests;
			packageProductDependencies = (
			);
			productName = TapeScanTests;
			productReference = 674376DA03859FB83A3B8BE9 /* TapeScanTests.xctest */;
			productType = "com.apple.product-type.bundle.unit-test";
		};
		E11860F11D40B31FA950E697 /* TapeScanUITests */ = {
			isa = PBXNativeTarget;
			buildConfigurationList = 78D90AD8C62CAB19BBE2A6B4 /* Build configuration list for PBXNativeTarget "TapeScanUITests" */;
			buildPhases = (
				CE0C1AF9C30F91ED473F88FC /* Sources */,
			);
			buildRules = (
			);
			dependencies = (
				8CB658D5153B8095BBD9C5B9 /* PBXTargetDependency */,
			);
			name = TapeScanUITests;
			packageProductDependencies = (
			);
			productName = TapeScanUITests;
			productReference = 6EFD9F8D9FF0E08636D87786 /* TapeScanUITests.xctest */;
			productType = "com.apple.product-type.bundle.ui-testing";
		};
/* End PBXNativeTarget section */

/* Begin PBXProject section */
		3F122ADEC9B9E63256D6D0B3 /* Project object */ = {
			isa = PBXProject;
			attributes = {
				BuildIndependentTargetsInParallel = YES;
				LastUpgradeCheck = 1430;
				TargetAttributes = {
					E11860F11D40B31FA950E697 = {
						TestTargetID = 05A75B0662002628944FCC28;
					};
				};
			};
			buildConfigurationList = 4B613ACA4F555E47FBD6E486 /* Build configuration list for PBXProject "TapeMeasureARPro" */;
			developmentRegion = en;
			hasScannedForEncodings = 0;
			knownRegions = (
				Base,
				en,
			);
			mainGroup = FF220E14C4D2EA0634A15469;
			minimizedProjectReferenceProxies = 1;
			preferredProjectObjectVersion = 77;
			productRefGroup = C5DC905A50168D5F2DA27108 /* Products */;
			projectDirPath = "";
			projectRoot = "";
			targets = (
				05A75B0662002628944FCC28 /* TapeScan */,
				821DCCDD32C06B10DE2AAE3C /* TapeScanTests */,
				E11860F11D40B31FA950E697 /* TapeScanUITests */,
			);
		};
/* End PBXProject section */

/* Begin PBXResourcesBuildPhase section */
		649BC8D26F1BFF5CD93952D2 /* Resources */ = {
			isa = PBXResourcesBuildPhase;
			buildActionMask = 2147483647;
			files = (
				F0DFFCC86BF09B288593038E /* Assets.xcassets in Resources */,
				36F52922C6F0F66DF86CA2AF /* PrivacyInfo.xcprivacy in Resources */,
			);
			runOnlyForDeploymentPostprocessing = 0;
		};
/* End PBXResourcesBuildPhase section */

/* Begin PBXSourcesBuildPhase section */
		4CD7BC8594D2C8C8D6990AF4 /* Sources */ = {
			isa = PBXSourcesBuildPhase;
			buildActionMask = 2147483647;
			files = (
				CACF68FB1670F7B6D81F4AF4 /* ARMeasureService.swift in Sources */,
				95EE4E16BE1BEA13CB4CC66B /* AppState.swift in Sources */,
				EAA678EBB93AB96C28E1ACBF /* AuthFlowView.swift in Sources */,
				E0BC4C1DB5968F240F49CBCE /* CameraBackdrop.swift in Sources */,
				650EB1DECF310366FF7974CB /* Chip.swift in Sources */,
				B05465B8DB655BD0A33920A1 /* Color+Hex.swift in Sources */,
				52FA790DB8A96E72BA089E0F /* CreateAccountView.swift in Sources */,
				C0F00F48DA584A479953E9FF /* ExportView.swift in Sources */,
				37B5F3ECAECA81D3902B6210 /* FeaturePoints.swift in Sources */,
				57E712A45120EC1F39171A2E /* FloorPlan.swift in Sources */,
				CD13EBA4B022C01978CBF588 /* GlassCard.swift in Sources */,
				53AD88BDE903AE1C1FC17263 /* GroupedList.swift in Sources */,
				BF592A236331CCD85A175F8F /* HistoryView.swift in Sources */,
				E4013C34C559814D9DB70BF9 /* IOSControls.swift in Sources */,
				94E8435400B188DDE786D3F6 /* Icon.swift in Sources */,
				F4FF90F876792C9F28387868 /* MainTabView.swift in Sources */,
				13D72BB82D2E28E0C5D9FC1F /* MeasureAView.swift in Sources */,
				E86696095F32FB38EF7C89A8 /* MeasureBView.swift in Sources */,
				16F225DC0C15AAA28F8BC785 /* MeasureCView.swift in Sources */,
				4456D7997157B38BC63AD2ED /* MeasureControls.swift in Sources */,
				9BFE95BAB6EDBCE4D0E5CB9B /* MeasureScene.swift in Sources */,
				1E6BAB4453BD1B7C43283CD8 /* MeasureView.swift in Sources */,
				5EEC806565B98002230E9914 /* OnbCalibrateView.swift in Sources */,
				23ED6FDA8526D305D61BDC3A /* OnbPermissionView.swift in Sources */,
				5B1844E9703037E1F4C95592 /* OnbWelcomeView.swift in Sources */,
				48CB6E4559E01BEB76D739B7 /* OnboardingFlowView.swift in Sources */,
				B7213F3F88F763A2DCF90013 /* PaywallView.swift in Sources */,
				BF5B701A0E7EA80D8344E3C9 /* PurchaseService.swift in Sources */,
				24572D0C07F85AABC4A98BF5 /* Reticle.swift in Sources */,
				68783F56FDF5A4E09D1E63BC /* RoomScanView.swift in Sources */,
				0A9B108D47176B9D158D529F /* RoomsView.swift in Sources */,
				EE8D34F74F597B4E1D028B28 /* RootView.swift in Sources */,
				C92337A45C20C4B52AC64965 /* SettingsView.swift in Sources */,
				FC135E720CF81755DFD5C8A9 /* Shutter.swift in Sources */,
				E6D8B7621910E53E200027AD /* SignInView.swift in Sources */,
				B0E5E6C09D5F31F138C15C9E /* TapeMeasureARProApp.swift in Sources */,
				E15761CBCC13A49DF5564BC2 /* Theme.swift in Sources */,
				B2B4B8BF8508D8065DA1F753 /* UnitFormatters.swift in Sources */,
				184B5D9EDE69FC26A85F7E85 /* ValuePill.swift in Sources */,
				69D6689E4E6C89C9823ED6CA /* VerifyCodeView.swift in Sources */,
			);
			runOnlyForDeploymentPostprocessing = 0;
		};
		69C8C66AA209DE9AE3AD5442 /* Sources */ = {
			isa = PBXSourcesBuildPhase;
			buildActionMask = 2147483647;
			files = (
				175B4C807A2DAE4CD363648C /* TapeScanTests.swift in Sources */,
			);
			runOnlyForDeploymentPostprocessing = 0;
		};
		CE0C1AF9C30F91ED473F88FC /* Sources */ = {
			isa = PBXSourcesBuildPhase;
			buildActionMask = 2147483647;
			files = (
				A64F26C86BA7E167EA61F3D4 /* SmokeTests.swift in Sources */,
			);
			runOnlyForDeploymentPostprocessing = 0;
		};
/* End PBXSourcesBuildPhase section */

/* Begin PBXTargetDependency section */
		8CB658D5153B8095BBD9C5B9 /* PBXTargetDependency */ = {
			isa = PBXTargetDependency;
			target = 05A75B0662002628944FCC28 /* TapeScan */;
			targetProxy = A7F71BBBC53CD1D67001A67E /* PBXContainerItemProxy */;
		};
		A9D8F1E5F47220B0A9850C02 /* PBXTargetDependency */ = {
			isa = PBXTargetDependency;
			target = 05A75B0662002628944FCC28 /* TapeScan */;
			targetProxy = 5E0CA1C11E35C0630C61EE41 /* PBXContainerItemProxy */;
		};
/* End PBXTargetDependency section */

/* Begin XCBuildConfiguration section */
		03C6C7FA2673C0ECF3FC3307 /* Debug */ = {
			isa = XCBuildConfiguration;
			buildSettings = {
				ASSETCATALOG_COMPILER_APPICON_NAME = AppIcon;
				ASSETCATALOG_COMPILER_GLOBAL_ACCENT_COLOR_NAME = AccentColor;
				CODE_SIGN_ENTITLEMENTS = Sources/Resources/TapeScan.entitlements;
				CODE_SIGN_IDENTITY = "iPhone Developer";
				CURRENT_PROJECT_VERSION = 1;
				ENABLE_PREVIEWS = YES;
				GENERATE_INFOPLIST_FILE = NO;
				INFOPLIST_FILE = Sources/Resources/Info.plist;
				IPHONEOS_DEPLOYMENT_TARGET = 17.0;
				LD_RUNPATH_SEARCH_PATHS = (
					"$(inherited)",
					"@executable_path/Frameworks",
				);
				MARKETING_VERSION = 1.0;
				PRODUCT_BUNDLE_IDENTIFIER = co.tuntun.tapescan;
				PRODUCT_NAME = TapeScan;
				SDKROOT = iphoneos;
				SWIFT_STRICT_CONCURRENCY = minimal;
				TARGETED_DEVICE_FAMILY = 1;
			};
			name = Debug;
		};
		66B10382045D65B762738E8C /* Release */ = {
			isa = XCBuildConfiguration;
			buildSettings = {
				BUNDLE_LOADER = "$(TEST_HOST)";
				GENERATE_INFOPLIST_FILE = YES;
				IPHONEOS_DEPLOYMENT_TARGET = 17.0;
				LD_RUNPATH_SEARCH_PATHS = (
					"$(inherited)",
					"@executable_path/Frameworks",
					"@loader_path/Frameworks",
				);
				PRODUCT_BUNDLE_IDENTIFIER = co.tuntun.tapescan.tests;
				SDKROOT = iphoneos;
				TARGETED_DEVICE_FAMILY = "1,2";
				TEST_HOST = "$(BUILT_PRODUCTS_DIR)/TapeScan.app/TapeScan";
			};
			name = Release;
		};
		6C5B7BEA063FE452547F0BE9 /* Debug */ = {
			isa = XCBuildConfiguration;
			buildSettings = {
				ALWAYS_SEARCH_USER_PATHS = NO;
				CLANG_ANALYZER_NONNULL = YES;
				CLANG_ANALYZER_NUMBER_OBJECT_CONVERSION = YES_AGGRESSIVE;
				CLANG_CXX_LANGUAGE_STANDARD = "gnu++14";
				CLANG_CXX_LIBRARY = "libc++";
				CLANG_ENABLE_MODULES = YES;
				CLANG_ENABLE_OBJC_ARC = YES;
				CLANG_ENABLE_OBJC_WEAK = YES;
				CLANG_WARN_BLOCK_CAPTURE_AUTORELEASING = YES;
				CLANG_WARN_BOOL_CONVERSION = YES;
				CLANG_WARN_COMMA = YES;
				CLANG_WARN_CONSTANT_CONVERSION = YES;
				CLANG_WARN_DEPRECATED_OBJC_IMPLEMENTATIONS = YES;
				CLANG_WARN_DIRECT_OBJC_ISA_USAGE = YES_ERROR;
				CLANG_WARN_DOCUMENTATION_COMMENTS = YES;
				CLANG_WARN_EMPTY_BODY = YES;
				CLANG_WARN_ENUM_CONVERSION = YES;
				CLANG_WARN_INFINITE_RECURSION = YES;
				CLANG_WARN_INT_CONVERSION = YES;
				CLANG_WARN_NON_LITERAL_NULL_CONVERSION = YES;
				CLANG_WARN_OBJC_IMPLICIT_RETAIN_SELF = YES;
				CLANG_WARN_OBJC_LITERAL_CONVERSION = YES;
				CLANG_WARN_OBJC_ROOT_CLASS = YES_ERROR;
				CLANG_WARN_QUOTED_INCLUDE_IN_FRAMEWORK_HEADER = YES;
				CLANG_WARN_RANGE_LOOP_ANALYSIS = YES;
				CLANG_WARN_STRICT_PROTOTYPES = YES;
				CLANG_WARN_SUSPICIOUS_MOVE = YES;
				CLANG_WARN_UNGUARDED_AVAILABILITY = YES_AGGRESSIVE;
				CLANG_WARN_UNREACHABLE_CODE = YES;
				CLANG_WARN__DUPLICATE_METHOD_MATCH = YES;
				CODE_SIGNING_ALLOWED = NO;
				CODE_SIGNING_REQUIRED = NO;
				COPY_PHASE_STRIP = NO;
				DEBUG_INFORMATION_FORMAT = dwarf;
				DEVELOPMENT_LANGUAGE = en;
				ENABLE_STRICT_OBJC_MSGSEND = YES;
				ENABLE_TESTABILITY = YES;
				GCC_C_LANGUAGE_STANDARD = gnu11;
				GCC_DYNAMIC_NO_PIC = NO;
				GCC_NO_COMMON_BLOCKS = YES;
				GCC_OPTIMIZATION_LEVEL = 0;
				GCC_PREPROCESSOR_DEFINITIONS = (
					"$(inherited)",
					"DEBUG=1",
				);
				GCC_WARN_64_TO_32_BIT_CONVERSION = YES;
				GCC_WARN_ABOUT_RETURN_TYPE = YES_ERROR;
				GCC_WARN_UNDECLARED_SELECTOR = YES;
				GCC_WARN_UNINITIALIZED_AUTOS = YES_AGGRESSIVE;
				GCC_WARN_UNUSED_FUNCTION = YES;
				GCC_WARN_UNUSED_VARIABLE = YES;
				IPHONEOS_DEPLOYMENT_TARGET = 17.0;
				MTL_ENABLE_DEBUG_INFO = INCLUDE_SOURCE;
				MTL_FAST_MATH = YES;
				ONLY_ACTIVE_ARCH = YES;
				PRODUCT_NAME = "$(TARGET_NAME)";
				SDKROOT = iphoneos;
				SWIFT_ACTIVE_COMPILATION_CONDITIONS = DEBUG;
				SWIFT_OPTIMIZATION_LEVEL = "-Onone";
				SWIFT_STRICT_CONCURRENCY = minimal;
				SWIFT_VERSION = 5.0;
			};
			name = Debug;
		};
		703474ABD96F4C504BD0D1A6 /* Debug */ = {
			isa = XCBuildConfiguration;
			buildSettings = {
				BUNDLE_LOADER = "$(TEST_HOST)";
				GENERATE_INFOPLIST_FILE = YES;
				IPHONEOS_DEPLOYMENT_TARGET = 17.0;
				LD_RUNPATH_SEARCH_PATHS = (
					"$(inherited)",
					"@executable_path/Frameworks",
					"@loader_path/Frameworks",
				);
				PRODUCT_BUNDLE_IDENTIFIER = co.tuntun.tapescan.tests;
				SDKROOT = iphoneos;
				TARGETED_DEVICE_FAMILY = "1,2";
				TEST_HOST = "$(BUILT_PRODUCTS_DIR)/TapeScan.app/TapeScan";
			};
			name = Debug;
		};
		729BD917F0ADC5CE5B6B0507 /* Release */ = {
			isa = XCBuildConfiguration;
			buildSettings = {
				ASSETCATALOG_COMPILER_APPICON_NAME = AppIcon;
				ASSETCATALOG_COMPILER_GLOBAL_ACCENT_COLOR_NAME = AccentColor;
				CODE_SIGN_ENTITLEMENTS = Sources/Resources/TapeScan.entitlements;
				CODE_SIGN_IDENTITY = "iPhone Developer";
				CURRENT_PROJECT_VERSION = 1;
				ENABLE_PREVIEWS = YES;
				GENERATE_INFOPLIST_FILE = NO;
				INFOPLIST_FILE = Sources/Resources/Info.plist;
				IPHONEOS_DEPLOYMENT_TARGET = 17.0;
				LD_RUNPATH_SEARCH_PATHS = (
					"$(inherited)",
					"@executable_path/Frameworks",
				);
				MARKETING_VERSION = 1.0;
				PRODUCT_BUNDLE_IDENTIFIER = co.tuntun.tapescan;
				PRODUCT_NAME = TapeScan;
				SDKROOT = iphoneos;
				SWIFT_STRICT_CONCURRENCY = minimal;
				TARGETED_DEVICE_FAMILY = 1;
			};
			name = Release;
		};
		93FC97D709D47AC209DEF7D2 /* Debug */ = {
			isa = XCBuildConfiguration;
			buildSettings = {
				BUNDLE_LOADER = "$(TEST_HOST)";
				GENERATE_INFOPLIST_FILE = YES;
				IPHONEOS_DEPLOYMENT_TARGET = 17.0;
				LD_RUNPATH_SEARCH_PATHS = (
					"$(inherited)",
					"@executable_path/Frameworks",
					"@loader_path/Frameworks",
				);
				PRODUCT_BUNDLE_IDENTIFIER = co.tuntun.tapescan.uitests;
				SDKROOT = iphoneos;
				TARGETED_DEVICE_FAMILY = "1,2";
				TEST_TARGET_NAME = TapeScan;
			};
			name = Debug;
		};
		D968AA3946543A500EAB9B22 /* Release */ = {
			isa = XCBuildConfiguration;
			buildSettings = {
				BUNDLE_LOADER = "$(TEST_HOST)";
				GENERATE_INFOPLIST_FILE = YES;
				IPHONEOS_DEPLOYMENT_TARGET = 17.0;
				LD_RUNPATH_SEARCH_PATHS = (
					"$(inherited)",
					"@executable_path/Frameworks",
					"@loader_path/Frameworks",
				);
				PRODUCT_BUNDLE_IDENTIFIER = co.tuntun.tapescan.uitests;
				SDKROOT = iphoneos;
				TARGETED_DEVICE_FAMILY = "1,2";
				TEST_TARGET_NAME = TapeScan;
			};
			name = Release;
		};
		F80A7D15C185E06E9FAF94AC /* Release */ = {
			isa = XCBuildConfiguration;
			buildSettings = {
				ALWAYS_SEARCH_USER_PATHS = NO;
				CLANG_ANALYZER_NONNULL = YES;
				CLANG_ANALYZER_NUMBER_OBJECT_CONVERSION = YES_AGGRESSIVE;
				CLANG_CXX_LANGUAGE_STANDARD = "gnu++14";
				CLANG_CXX_LIBRARY = "libc++";
				CLANG_ENABLE_MODULES = YES;
				CLANG_ENABLE_OBJC_ARC = YES;
				CLANG_ENABLE_OBJC_WEAK = YES;
				CLANG_WARN_BLOCK_CAPTURE_AUTORELEASING = YES;
				CLANG_WARN_BOOL_CONVERSION = YES;
				CLANG_WARN_COMMA = YES;
				CLANG_WARN_CONSTANT_CONVERSION = YES;
				CLANG_WARN_DEPRECATED_OBJC_IMPLEMENTATIONS = YES;
				CLANG_WARN_DIRECT_OBJC_ISA_USAGE = YES_ERROR;
				CLANG_WARN_DOCUMENTATION_COMMENTS = YES;
				CLANG_WARN_EMPTY_BODY = YES;
				CLANG_WARN_ENUM_CONVERSION = YES;
				CLANG_WARN_INFINITE_RECURSION = YES;
				CLANG_WARN_INT_CONVERSION = YES;
				CLANG_WARN_NON_LITERAL_NULL_CONVERSION = YES;
				CLANG_WARN_OBJC_IMPLICIT_RETAIN_SELF = YES;
				CLANG_WARN_OBJC_LITERAL_CONVERSION = YES;
				CLANG_WARN_OBJC_ROOT_CLASS = YES_ERROR;
				CLANG_WARN_QUOTED_INCLUDE_IN_FRAMEWORK_HEADER = YES;
				CLANG_WARN_RANGE_LOOP_ANALYSIS = YES;
				CLANG_WARN_STRICT_PROTOTYPES = YES;
				CLANG_WARN_SUSPICIOUS_MOVE = YES;
				CLANG_WARN_UNGUARDED_AVAILABILITY = YES_AGGRESSIVE;
				CLANG_WARN_UNREACHABLE_CODE = YES;
				CLANG_WARN__DUPLICATE_METHOD_MATCH = YES;
				CODE_SIGNING_ALLOWED = NO;
				CODE_SIGNING_REQUIRED = NO;
				COPY_PHASE_STRIP = NO;
				DEBUG_INFORMATION_FORMAT = "dwarf-with-dsym";
				DEVELOPMENT_LANGUAGE = en;
				ENABLE_NS_ASSERTIONS = NO;
				ENABLE_STRICT_OBJC_MSGSEND = YES;
				GCC_C_LANGUAGE_STANDARD = gnu11;
				GCC_NO_COMMON_BLOCKS = YES;
				GCC_WARN_64_TO_32_BIT_CONVERSION = YES;
				GCC_WARN_ABOUT_RETURN_TYPE = YES_ERROR;
				GCC_WARN_UNDECLARED_SELECTOR = YES;
				GCC_WARN_UNINITIALIZED_AUTOS = YES_AGGRESSIVE;
				GCC_WARN_UNUSED_FUNCTION = YES;
				GCC_WARN_UNUSED_VARIABLE = YES;
				IPHONEOS_DEPLOYMENT_TARGET = 17.0;
				MTL_ENABLE_DEBUG_INFO = NO;
				MTL_FAST_MATH = YES;
				PRODUCT_NAME = "$(TARGET_NAME)";
				SDKROOT = iphoneos;
				SWIFT_COMPILATION_MODE = wholemodule;
				SWIFT_OPTIMIZATION_LEVEL = "-O";
				SWIFT_STRICT_CONCURRENCY = minimal;
				SWIFT_VERSION = 5.0;
			};
			name = Release;
		};
/* End XCBuildConfiguration section */

/* Begin XCConfigurationList section */
		4B613ACA4F555E47FBD6E486 /* Build configuration list for PBXProject "TapeMeasureARPro" */ = {
			isa = XCConfigurationList;
			buildConfigurations = (
				6C5B7BEA063FE452547F0BE9 /* Debug */,
				F80A7D15C185E06E9FAF94AC /* Release */,
			);
			defaultConfigurationIsVisible = 0;
			defaultConfigurationName = Debug;
		};
		5744FF876F6A46608796AF4B /* Build configuration list for PBXNativeTarget "TapeScan" */ = {
			isa = XCConfigurationList;
			buildConfigurations = (
				03C6C7FA2673C0ECF3FC3307 /* Debug */,
				729BD917F0ADC5CE5B6B0507 /* Release */,
			);
			defaultConfigurationIsVisible = 0;
			defaultConfigurationName = Debug;
		};
		7377904901C7685F5C1FE3B2 /* Build configuration list for PBXNativeTarget "TapeScanTests" */ = {
			isa = XCConfigurationList;
			buildConfigurations = (
				703474ABD96F4C504BD0D1A6 /* Debug */,
				66B10382045D65B762738E8C /* Release */,
			);
			defaultConfigurationIsVisible = 0;
			defaultConfigurationName = Debug;
		};
		78D90AD8C62CAB19BBE2A6B4 /* Build configuration list for PBXNativeTarget "TapeScanUITests" */ = {
			isa = XCConfigurationList;
			buildConfigurations = (
				93FC97D709D47AC209DEF7D2 /* Debug */,
				D968AA3946543A500EAB9B22 /* Release */,
			);
			defaultConfigurationIsVisible = 0;
			defaultConfigurationName = Debug;
		};
/* End XCConfigurationList section */
	};
	rootObject = 3F122ADEC9B9E63256D6D0B3 /* Project object */;
}
