// !$*UTF8*$!
{
	archiveVersion = 1;
	classes = {
	};
	objectVersion = 77;
	objects = {

/* Begin PBXBuildFile section */
		0A9B108D47176B9D158D529F /* RoomsView.swift in Sources */ = {isa = PBXBuildFile; fileRef = 37B369180E9061586B748293 /* RoomsView.swift */; };
		101A61C9E04862F02FB9E7CB /* UpgradeFlow.swift in Sources */ = {isa = PBXBuildFile; fileRef = 9706822F943B7C2059A8ADBA /* UpgradeFlow.swift */; };
		13D72BB82D2E28E0C5D9FC1F /* MeasureAView.swift in Sources */ = {isa = PBXBuildFile; fileRef = 17C1C8C652EFBF00272FCCB6 /* MeasureAView.swift */; };
		16F225DC0C15AAA28F8BC785 /* MeasureCView.swift in Sources */ = {isa = PBXBuildFile; fileRef = A9A506848E51054BBE6D3F89 /* MeasureCView.swift */; };
		175B4C807A2DAE4CD363648C /* TapeScanTests.swift in Sources */ = {isa = PBXBuildFile; fileRef = F534B6DECCED95D4F2624D05 /* TapeScanTests.swift */; };
		184B5D9EDE69FC26A85F7E85 /* ValuePill.swift in Sources */ = {isa = PBXBuildFile; fileRef = D1AC54FA770A82B8D6CA0C1E /* ValuePill.swift */; };
		1AC0DC3698F35E24319A7A37 /* FloorPlanModel.swift in Sources */ = {isa = PBXBuildFile; fileRef = AC9E9943D25B4A1AF88AACC7 /* FloorPlanModel.swift */; };
		1E6BAB4453BD1B7C43283CD8 /* MeasureView.swift in Sources */ = {isa = PBXBuildFile; fileRef = 50F0F62E8A1598538A27FA0D /* MeasureView.swift */; };
		2287715289EA87404C012CB4 /* SupabaseSyncRemote.swift in Sources */ = {isa = PBXBuildFile; fileRef = F59B806941DC1F427E3ABFA8 /* SupabaseSyncRemote.swift */; };
		22FE459D61F778BCE79B8E19 /* MeasureBackdrop.swift in Sources */ = {isa = PBXBuildFile; fileRef = AB542834AC03B736BD60F054 /* MeasureBackdrop.swift */; };
		23ED6FDA8526D305D61BDC3A /* OnbPermissionView.swift in Sources */ = {isa = PBXBuildFile; fileRef = AFAFB6B1232B7B52D13B8BEE /* OnbPermissionView.swift */; };
		24572D0C07F85AABC4A98BF5 /* Reticle.swift in Sources */ = {isa = PBXBuildFile; fileRef = 02308EBCC17F244732D61EC5 /* Reticle.swift */; };
		2B13706D8AC2FC630D84C5BA /* ARPlacementTests.swift in Sources */ = {isa = PBXBuildFile; fileRef = 160A7169F98D50FB48079639 /* ARPlacementTests.swift */; };
		36F52922C6F0F66DF86CA2AF /* PrivacyInfo.xcprivacy in Resources */ = {isa = PBXBuildFile; fileRef = 8F4415FC55B06D165637F018 /* PrivacyInfo.xcprivacy */; };
		37B5F3ECAECA81D3902B6210 /* FeaturePoints.swift in Sources */ = {isa = PBXBuildFile; fileRef = E7A5FC2A7168A15722D974C5 /* FeaturePoints.swift */; };
		3EEC02BAB323AC03DADF8CF9 /* UnitFormatTests.swift in Sources */ = {isa = PBXBuildFile; fileRef = 77AD7324051F8A6A75173DEF /* UnitFormatTests.swift */; };
		4456D7997157B38BC63AD2ED /* MeasureControls.swift in Sources */ = {isa = PBXBuildFile; fileRef = 6DC663AC61E6EE415EDF16D3 /* MeasureControls.swift */; };
		48CB6E4559E01BEB76D739B7 /* OnboardingFlowView.swift in Sources */ = {isa = PBXBuildFile; fileRef = 63FAF7B6E03F5CD60157E24D /* OnboardingFlowView.swift */; };
		4C30EE185143D9424E0EA8AD /* Supabase in Frameworks */ = {isa = PBXBuildFile; productRef = 0DE5065621590E9735B598EF /* Supabase */; };
		4D43FE998A60ACBBB5D93EC3 /* ModelContainerFactory.swift in Sources */ = {isa = PBXBuildFile; fileRef = EDF88D8697A3654FB45D25D7 /* ModelContainerFactory.swift */; };
		53AD88BDE903AE1C1FC17263 /* GroupedList.swift in Sources */ = {isa = PBXBuildFile; fileRef = F8A44956BDB1D755CA082147 /* GroupedList.swift */; };
		57E712A45120EC1F39171A2E /* FloorPlan.swift in Sources */ = {isa = PBXBuildFile; fileRef = 0B2E9DB5F611E5C25596519F /* FloorPlan.swift */; };
		5B1844E9703037E1F4C95592 /* OnbWelcomeView.swift in Sources */ = {isa = PBXBuildFile; fileRef = C5124BB5FB7F73707690AF26 /* OnbWelcomeView.swift */; };
		5EEC806565B98002230E9914 /* OnbCalibrateView.swift in Sources */ = {isa = PBXBuildFile; fileRef = 6040C95B6A2583E5DBB4206B /* OnbCalibrateView.swift */; };
		617E9511089620A4E52B5F10 /* MeasureMathTests.swift in Sources */ = {isa = PBXBuildFile; fileRef = 41B75DFA130AA41FF4178979 /* MeasureMathTests.swift */; };
		61F315C77457288AA9D52126 /* PersistenceTests.swift in Sources */ = {isa = PBXBuildFile; fileRef = EB967D7619CDDCC48497F1EE /* PersistenceTests.swift */; };
		625CBDA84DFF63D71DF0D878 /* AttributionTracker.swift in Sources */ = {isa = PBXBuildFile; fileRef = CF9ADFA7C17E5A0AA4F689EA /* AttributionTracker.swift */; };
		650EB1DECF310366FF7974CB /* Chip.swift in Sources */ = {isa = PBXBuildFile; fileRef = BB7FB7B4E97A3D4BA41FB164 /* Chip.swift */; };
		68783F56FDF5A4E09D1E63BC /* RoomScanView.swift in Sources */ = {isa = PBXBuildFile; fileRef = 7952A6746C94C008AE553685 /* RoomScanView.swift */; };
		69D6689E4E6C89C9823ED6CA /* VerifyCodeView.swift in Sources */ = {isa = PBXBuildFile; fileRef = 3118D2DE645FBF43DC831E5A /* VerifyCodeView.swift */; };
		6EDB2FC337FF3F19A87F5103 /* SupabaseConfig.swift in Sources */ = {isa = PBXBuildFile; fileRef = F69692D600A7D3BF194AD76C /* SupabaseConfig.swift */; };
		6F25473B28888ABF2C5E2A56 /* SupabaseAuthService.swift in Sources */ = {isa = PBXBuildFile; fileRef = 4837D735802B48E682D61BD6 /* SupabaseAuthService.swift */; };
		7022DE10D9A33E3F1BA22011 /* AppStateBrandTests.swift in Sources */ = {isa = PBXBuildFile; fileRef = A5DF30DA91A8C0FA38C47FFD /* AppStateBrandTests.swift */; };
		738639914BF08BAF443BF5B6 /* FloorPlanEditorModel.swift in Sources */ = {isa = PBXBuildFile; fileRef = 05159C3A0182D443042BD604 /* FloorPlanEditorModel.swift */; };
		7A0359B60C3A99727F3F095B /* GoogleSignInCoordinator.swift in Sources */ = {isa = PBXBuildFile; fileRef = 1BE71453DF5C6BCFC3389C32 /* GoogleSignInCoordinator.swift */; };
		812B78BE07ED961F879EA2F0 /* MeasurementRecord.swift in Sources */ = {isa = PBXBuildFile; fileRef = 5300EF69F268E8FF0CC4356B /* MeasurementRecord.swift */; };
		82F24DBEDFDC1779A5A2F72E /* GLTFExporter.swift in Sources */ = {isa = PBXBuildFile; fileRef = DE0C91E2B4EAB840F3B84106 /* GLTFExporter.swift */; };
		83C58C90E161379EF1B6854A /* CSVExporter.swift in Sources */ = {isa = PBXBuildFile; fileRef = 3CB05998E50247F50640FA7F /* CSVExporter.swift */; };
		861EF1E4E9188F0784711824 /* ARPlacement.swift in Sources */ = {isa = PBXBuildFile; fileRef = 4F8CB3AE74B68317B955F85A /* ARPlacement.swift */; };
		8FED561765B5178BAF2F44B5 /* RoomRecord.swift in Sources */ = {isa = PBXBuildFile; fileRef = B01E25555DA98093B2A30CD6 /* RoomRecord.swift */; };
		94E8435400B188DDE786D3F6 /* Icon.swift in Sources */ = {isa = PBXBuildFile; fileRef = 8850CB15986A4D93B73F780D /* Icon.swift */; };
		95EE4E16BE1BEA13CB4CC66B /* AppState.swift in Sources */ = {isa = PBXBuildFile; fileRef = 13A1D8EAB15807296E75631F /* AppState.swift */; };
		96BFDD7B655A11FD8C8B560F /* FloorPlanModelTests.swift in Sources */ = {isa = PBXBuildFile; fileRef = B06485D0178A2DFA4B49850D /* FloorPlanModelTests.swift */; };
		9BFE95BAB6EDBCE4D0E5CB9B /* MeasureScene.swift in Sources */ = {isa = PBXBuildFile; fileRef = 622523F0B707C36A93521FA0 /* MeasureScene.swift */; };
		9F40BB400097034BA19280C2 /* SimulatedARMeasureServiceTests.swift in Sources */ = {isa = PBXBuildFile; fileRef = 946BF90A9ECD2EA492D74F8A /* SimulatedARMeasureServiceTests.swift */; };
		A1852581F22EEA5C412F2BF8 /* TrackingQualityMappingTests.swift in Sources */ = {isa = PBXBuildFile; fileRef = 8CCDC4A4DD7DA34F5349950A /* TrackingQualityMappingTests.swift */; };
		A55179D7C47F0B43FFF43060 /* AttributionTrackerTests.swift in Sources */ = {isa = PBXBuildFile; fileRef = 9FC5CFE2C839747669855D5D /* AttributionTrackerTests.swift */; };
		A5B8BD0DC0870BB6EB06B87A /* ARTrackingMapping.swift in Sources */ = {isa = PBXBuildFile; fileRef = 58509F8544E0CDE7D691B8F9 /* ARTrackingMapping.swift */; };
		A62931A6545518B24331EC3F /* ARKitMeasureService.swift in Sources */ = {isa = PBXBuildFile; fileRef = 36981A12FDDE1D097D9538C7 /* ARKitMeasureService.swift */; };
		A64F26C86BA7E167EA61F3D4 /* SmokeTests.swift in Sources */ = {isa = PBXBuildFile; fileRef = C33295A46F03522A0D5E08D0 /* SmokeTests.swift */; };
		ABD4F129C8B4BADFCC39E250 /* StoreKitPurchaseService.swift in Sources */ = {isa = PBXBuildFile; fileRef = E6F2C3067D2B3F40E8C93F72 /* StoreKitPurchaseService.swift */; };
		B05465B8DB655BD0A33920A1 /* Color+Hex.swift in Sources */ = {isa = PBXBuildFile; fileRef = DAFF30AA1CBCAE8050BC3F84 /* Color+Hex.swift */; };
		B0E5E6C09D5F31F138C15C9E /* TapeMeasureARProApp.swift in Sources */ = {isa = PBXBuildFile; fileRef = 83A10A28D18885D2E97D4409 /* TapeMeasureARProApp.swift */; };
		B2B4B8BF8508D8065DA1F753 /* UnitFormatters.swift in Sources */ = {isa = PBXBuildFile; fileRef = 3D46DA5FEF1B06BEC02241B5 /* UnitFormatters.swift */; };
		B7213F3F88F763A2DCF90013 /* PaywallView.swift in Sources */ = {isa = PBXBuildFile; fileRef = FB79D2D010BAACCC1BCB70B7 /* PaywallView.swift */; };
		B92837337C9DA859F14E4A80 /* GoogleSignIn in Frameworks */ = {isa = PBXBuildFile; productRef = 9A6EFC756E3FDD1D4B9F7BD8 /* GoogleSignIn */; };
		BA9D64FBAE106C5D2EAD9911 /* AnalyticsService.swift in Sources */ = {isa = PBXBuildFile; fileRef = 749A89F3565DD1B52D82F9E7 /* AnalyticsService.swift */; };
		BADB2A4EEA313FD46BD3A337 /* MeasureTypes.swift in Sources */ = {isa = PBXBuildFile; fileRef = C39AFF5B0EFE28D1A1C80587 /* MeasureTypes.swift */; };
		BD00AF879413A129E4B29C34 /* MeasureMath.swift in Sources */ = {isa = PBXBuildFile; fileRef = 0D502AFD85C8D2EB895C1CDB /* MeasureMath.swift */; };
		BEDFBEABD5D62BFCB1AD68D0 /* ExportService.swift in Sources */ = {isa = PBXBuildFile; fileRef = 40CECA1B2B87BED40DFD6393 /* ExportService.swift */; };
		BEE10CE71BEBE9EDBE82C119 /* FloorPlanEditorModelTests.swift in Sources */ = {isa = PBXBuildFile; fileRef = FF70419ED5F0DB9D3C17E834 /* FloorPlanEditorModelTests.swift */; };
		BF592A236331CCD85A175F8F /* HistoryView.swift in Sources */ = {isa = PBXBuildFile; fileRef = 63E32F053E2D0D2929E8319F /* HistoryView.swift */; };
		C07C59E0D63CF0B6955E1684 /* ExportersTests.swift in Sources */ = {isa = PBXBuildFile; fileRef = B042E9C50871677AE2B1280D /* ExportersTests.swift */; };
		C0F00F48DA584A479953E9FF /* ExportView.swift in Sources */ = {isa = PBXBuildFile; fileRef = E2E5D402CBACEDB5272CF415 /* ExportView.swift */; };
		C2BB8AAE1930A460382B7CC2 /* SVGExporter.swift in Sources */ = {isa = PBXBuildFile; fileRef = 0DB197BA26D66C05406424BC /* SVGExporter.swift */; };
		C92337A45C20C4B52AC64965 /* SettingsView.swift in Sources */ = {isa = PBXBuildFile; fileRef = 9383F93E0991D93B5872C43B /* SettingsView.swift */; };
		CACF68FB1670F7B6D81F4AF4 /* ARMeasureService.swift in Sources */ = {isa = PBXBuildFile; fileRef = 8119FF31F81C5BACBD109115 /* ARMeasureService.swift */; };
		CBEA9635CBB9D74186100389 /* ProductMappingTests.swift in Sources */ = {isa = PBXBuildFile; fileRef = ED75B031C6FA01AFF09D3ABF /* ProductMappingTests.swift */; };
		CD13EBA4B022C01978CBF588 /* GlassCard.swift in Sources */ = {isa = PBXBuildFile; fileRef = FB4C6B6F6A4D0882DA4E4635 /* GlassCard.swift */; };
		CD59CABECAC11E7056BA7311 /* DXFExporter.swift in Sources */ = {isa = PBXBuildFile; fileRef = 265DB6E8BF6ACF543EF68B85 /* DXFExporter.swift */; };
		D4493B2E44305E12F4EDD1FC /* AuthService.swift in Sources */ = {isa = PBXBuildFile; fileRef = 68134443D18E1CBD7201E70E /* AuthService.swift */; };
		D8031CD32FF02BFA007F1285 /* FirebaseAnalytics in Frameworks */ = {isa = PBXBuildFile; productRef = D8031CD22FF02BFA007F1285 /* FirebaseAnalytics */; };
		D8031CD52FF02BFA007F1285 /* FirebaseAnalyticsCore in Frameworks */ = {isa = PBXBuildFile; productRef = D8031CD42FF02BFA007F1285 /* FirebaseAnalyticsCore */; };
		D8031CD72FF02CD6007F1285 /* GoogleService-Info.plist in Resources */ = {isa = PBXBuildFile; fileRef = D8031CD62FF02CD6007F1285 /* GoogleService-Info.plist */; };
		DA93A68683E035D3931C4D1E /* SessionDraftStore.swift in Sources */ = {isa = PBXBuildFile; fileRef = 8ED38FEF71D0C5E27BE88E43 /* SessionDraftStore.swift */; };
		DCC4BA0D353B71359104D69E /* AppleSignInCoordinator.swift in Sources */ = {isa = PBXBuildFile; fileRef = 0318FC93BBE8D51D9B3FA3C2 /* AppleSignInCoordinator.swift */; };
		DFE360A5CF8102B91627C2AE /* LiveSceneBuilder.swift in Sources */ = {isa = PBXBuildFile; fileRef = BE3FE6EA1598EA638F420976 /* LiveSceneBuilder.swift */; };
		E0B61E17DE666816E0EB4D32 /* CapturedRoomConverter.swift in Sources */ = {isa = PBXBuildFile; fileRef = FCD8ED77F51AF37F326C410B /* CapturedRoomConverter.swift */; };
		E0BC4C1DB5968F240F49CBCE /* CameraBackdrop.swift in Sources */ = {isa = PBXBuildFile; fileRef = C354D269884E484AB77F6F78 /* CameraBackdrop.swift */; };
		E15761CBCC13A49DF5564BC2 /* Theme.swift in Sources */ = {isa = PBXBuildFile; fileRef = 54C7A01A4C164B6B13709437 /* Theme.swift */; };
		E275AE2707FBD02A9F189B73 /* FloorPlanEditorView.swift in Sources */ = {isa = PBXBuildFile; fileRef = B45EDFE4906B88C66049B688 /* FloorPlanEditorView.swift */; };
		E4013C34C559814D9DB70BF9 /* IOSControls.swift in Sources */ = {isa = PBXBuildFile; fileRef = 67FB94D7256A0FDE78036E47 /* IOSControls.swift */; };
		E6D8B7621910E53E200027AD /* SignInView.swift in Sources */ = {isa = PBXBuildFile; fileRef = A3F1882FED0A1E47F2DE1891 /* SignInView.swift */; };
		E8116CD6AE8B80ABF38ED4D6 /* AppStateSettingsTests.swift in Sources */ = {isa = PBXBuildFile; fileRef = CD68C91758AEAACFAC753A77 /* AppStateSettingsTests.swift */; };
		E86696095F32FB38EF7C89A8 /* MeasureBView.swift in Sources */ = {isa = PBXBuildFile; fileRef = A0DF1DA862210F71D931D7B6 /* MeasureBView.swift */; };
		EAA678EBB93AB96C28E1ACBF /* AuthFlowView.swift in Sources */ = {isa = PBXBuildFile; fileRef = 4445267E139B05347C7E4A6A /* AuthFlowView.swift */; };
		EAB8592971EF0039F5E58D71 /* PDFExporter.swift in Sources */ = {isa = PBXBuildFile; fileRef = A4611184C1CA04B0B13DD53E /* PDFExporter.swift */; };
		EDFB1A23396613EC4111509E /* RoomScanService.swift in Sources */ = {isa = PBXBuildFile; fileRef = 249DFE4A3A0B69B30F50E8D1 /* RoomScanService.swift */; };
		EE8D34F74F597B4E1D028B28 /* RootView.swift in Sources */ = {isa = PBXBuildFile; fileRef = B2522359FDE1BAD3E5D96DF4 /* RootView.swift */; };
		F0D76661673215B3A035FDE8 /* PNGExporter.swift in Sources */ = {isa = PBXBuildFile; fileRef = 027B854ABFEB467556653257 /* PNGExporter.swift */; };
		F0DFFCC86BF09B288593038E /* Assets.xcassets in Resources */ = {isa = PBXBuildFile; fileRef = 3968C15BB6FAA92E39C59E51 /* Assets.xcassets */; };
		F173DD288879A312B9A574EB /* CapturedRoomConverterTests.swift in Sources */ = {isa = PBXBuildFile; fileRef = A361A4D8902413890C21444C /* CapturedRoomConverterTests.swift */; };
		F1A21734443D6CDFA477F774 /* PurchaseService.swift in Sources */ = {isa = PBXBuildFile; fileRef = C62B9BD32537555D9C604FCD /* PurchaseService.swift */; };
		F4FF90F876792C9F28387868 /* MainTabView.swift in Sources */ = {isa = PBXBuildFile; fileRef = F6F61C2EDCB344C97C164FD8 /* MainTabView.swift */; };
		F82F14F6A8793A58557BE106 /* SyncEngineTests.swift in Sources */ = {isa = PBXBuildFile; fileRef = 5EF03A1CFBA931F540897774 /* SyncEngineTests.swift */; };
		FC135E720CF81755DFD5C8A9 /* Shutter.swift in Sources */ = {isa = PBXBuildFile; fileRef = 77950248AF8E8925748BFEAC /* Shutter.swift */; };
		FEB189AD6645BC502D3E870A /* SyncEngine.swift in Sources */ = {isa = PBXBuildFile; fileRef = E7E33BD84FEEFFD3E7A27BB2 /* SyncEngine.swift */; };
/* End PBXBuildFile section */

/* Begin PBXContainerItemProxy section */
		5E0CA1C11E35C0630C61EE41 /* PBXContainerItemProxy */ = {
			isa = PBXContainerItemProxy;
			containerPortal = 3F122ADEC9B9E63256D6D0B3 /* Project object */;
			proxyType = 1;
			remoteGlobalIDString = 05A75B0662002628944FCC28;
			remoteInfo = TapeScan;
		};
		A7F71BBBC53CD1D67001A67E /* PBXContainerItemProxy */ = {
			isa = PBXContainerItemProxy;
			containerPortal = 3F122ADEC9B9E63256D6D0B3 /* Project object */;
			proxyType = 1;
			remoteGlobalIDString = 05A75B0662002628944FCC28;
			remoteInfo = TapeScan;
		};
/* End PBXContainerItemProxy section */

/* Begin PBXFileReference section */
		02308EBCC17F244732D61EC5 /* Reticle.swift */ = {isa = PBXFileReference; lastKnownFileType = sourcecode.swift; path = Reticle.swift; sourceTree = "<group>"; };
		027B854ABFEB467556653257 /* PNGExporter.swift */ = {isa = PBXFileReference; lastKnownFileType = sourcecode.swift; path = PNGExporter.swift; sourceTree = "<group>"; };
		0318FC93BBE8D51D9B3FA3C2 /* AppleSignInCoordinator.swift */ = {isa = PBXFileReference; lastKnownFileType = sourcecode.swift; path = AppleSignInCoordinator.swift; sourceTree = "<group>"; };
		05159C3A0182D443042BD604 /* FloorPlanEditorModel.swift */ = {isa = PBXFileReference; lastKnownFileType = sourcecode.swift; path = FloorPlanEditorModel.swift; sourceTree = "<group>"; };
		0B2E9DB5F611E5C25596519F /* FloorPlan.swift */ = {isa = PBXFileReference; lastKnownFileType = sourcecode.swift; path = FloorPlan.swift; sourceTree = "<group>"; };
		0D502AFD85C8D2EB895C1CDB /* MeasureMath.swift */ = {isa = PBXFileReference; lastKnownFileType = sourcecode.swift; path = MeasureMath.swift; sourceTree = "<group>"; };
		0DB197BA26D66C05406424BC /* SVGExporter.swift */ = {isa = PBXFileReference; lastKnownFileType = sourcecode.swift; path = SVGExporter.swift; sourceTree = "<group>"; };
		13A1D8EAB15807296E75631F /* AppState.swift */ = {isa = PBXFileReference; lastKnownFileType = sourcecode.swift; path = AppState.swift; sourceTree = "<group>"; };
		160A7169F98D50FB48079639 /* ARPlacementTests.swift */ = {isa = PBXFileReference; lastKnownFileType = sourcecode.swift; path = ARPlacementTests.swift; sourceTree = "<group>"; };
		17C1C8C652EFBF00272FCCB6 /* MeasureAView.swift */ = {isa = PBXFileReference; lastKnownFileType = sourcecode.swift; path = MeasureAView.swift; sourceTree = "<group>"; };
		1BE71453DF5C6BCFC3389C32 /* GoogleSignInCoordinator.swift */ = {isa = PBXFileReference; lastKnownFileType = sourcecode.swift; path = GoogleSignInCoordinator.swift; sourceTree = "<group>"; };
		23BC2ACFCD872AC7C1E32651 /* TapeScan.app */ = {isa = PBXFileReference; explicitFileType = wrapper.application; includeInIndex = 0; path = TapeScan.app; sourceTree = BUILT_PRODUCTS_DIR; };
		249DFE4A3A0B69B30F50E8D1 /* RoomScanService.swift */ = {isa = PBXFileReference; lastKnownFileType = sourcecode.swift; path = RoomScanService.swift; sourceTree = "<group>"; };
		265DB6E8BF6ACF543EF68B85 /* DXFExporter.swift */ = {isa = PBXFileReference; lastKnownFileType = sourcecode.swift; path = DXFExporter.swift; sourceTree = "<group>"; };
		3118D2DE645FBF43DC831E5A /* VerifyCodeView.swift */ = {isa = PBXFileReference; lastKnownFileType = sourcecode.swift; path = VerifyCodeView.swift; sourceTree = "<group>"; };
		36981A12FDDE1D097D9538C7 /* ARKitMeasureService.swift */ = {isa = PBXFileReference; lastKnownFileType = sourcecode.swift; path = ARKitMeasureService.swift; sourceTree = "<group>"; };
		37B369180E9061586B748293 /* RoomsView.swift */ = {isa = PBXFileReference; lastKnownFileType = sourcecode.swift; path = RoomsView.swift; sourceTree = "<group>"; };
		3968C15BB6FAA92E39C59E51 /* Assets.xcassets */ = {isa = PBXFileReference; lastKnownFileType = folder.assetcatalog; path = Assets.xcassets; sourceTree = "<group>"; };
		3CB05998E50247F50640FA7F /* CSVExporter.swift */ = {isa = PBXFileReference; lastKnownFileType = sourcecode.swift; path = CSVExporter.swift; sourceTree = "<group>"; };
		3D46DA5FEF1B06BEC02241B5 /* UnitFormatters.swift */ = {isa = PBXFileReference; lastKnownFileType = sourcecode.swift; path = UnitFormatters.swift; sourceTree = "<group>"; };
		40CECA1B2B87BED40DFD6393 /* ExportService.swift */ = {isa = PBXFileReference; lastKnownFileType = sourcecode.swift; path = ExportService.swift; sourceTree = "<group>"; };
		41B75DFA130AA41FF4178979 /* MeasureMathTests.swift */ = {isa = PBXFileReference; lastKnownFileType = sourcecode.swift; path = MeasureMathTests.swift; sourceTree = "<group>"; };
		4280D7ABC74C9C8768A1A4AD /* Info.plist */ = {isa = PBXFileReference; lastKnownFileType = text.plist; path = Info.plist; sourceTree = "<group>"; };
		4445267E139B05347C7E4A6A /* AuthFlowView.swift */ = {isa = PBXFileReference; lastKnownFileType = sourcecode.swift; path = AuthFlowView.swift; sourceTree = "<group>"; };
		4837D735802B48E682D61BD6 /* SupabaseAuthService.swift */ = {isa = PBXFileReference; lastKnownFileType = sourcecode.swift; path = SupabaseAuthService.swift; sourceTree = "<group>"; };
		4F8CB3AE74B68317B955F85A /* ARPlacement.swift */ = {isa = PBXFileReference; lastKnownFileType = sourcecode.swift; path = ARPlacement.swift; sourceTree = "<group>"; };
		50F0F62E8A1598538A27FA0D /* MeasureView.swift */ = {isa = PBXFileReference; lastKnownFileType = sourcecode.swift; path = MeasureView.swift; sourceTree = "<group>"; };
		5300EF69F268E8FF0CC4356B /* MeasurementRecord.swift */ = {isa = PBXFileReference; lastKnownFileType = sourcecode.swift; path = MeasurementRecord.swift; sourceTree = "<group>"; };
		54C7A01A4C164B6B13709437 /* Theme.swift */ = {isa = PBXFileReference; lastKnownFileType = sourcecode.swift; path = Theme.swift; sourceTree = "<group>"; };
		58509F8544E0CDE7D691B8F9 /* ARTrackingMapping.swift */ = {isa = PBXFileReference; lastKnownFileType = sourcecode.swift; path = ARTrackingMapping.swift; sourceTree = "<group>"; };
		5EF03A1CFBA931F540897774 /* SyncEngineTests.swift */ = {isa = PBXFileReference; lastKnownFileType = sourcecode.swift; path = SyncEngineTests.swift; sourceTree = "<group>"; };
		6040C95B6A2583E5DBB4206B /* OnbCalibrateView.swift */ = {isa = PBXFileReference; lastKnownFileType = sourcecode.swift; path = OnbCalibrateView.swift; sourceTree = "<group>"; };
		622523F0B707C36A93521FA0 /* MeasureScene.swift */ = {isa = PBXFileReference; lastKnownFileType = sourcecode.swift; path = MeasureScene.swift; sourceTree = "<group>"; };
		63E32F053E2D0D2929E8319F /* HistoryView.swift */ = {isa = PBXFileReference; lastKnownFileType = sourcecode.swift; path = HistoryView.swift; sourceTree = "<group>"; };
		63FAF7B6E03F5CD60157E24D /* OnboardingFlowView.swift */ = {isa = PBXFileReference; lastKnownFileType = sourcecode.swift; path = OnboardingFlowView.swift; sourceTree = "<group>"; };
		674376DA03859FB83A3B8BE9 /* TapeScanTests.xctest */ = {isa = PBXFileReference; includeInIndex = 0; lastKnownFileType = wrapper.cfbundle; path = TapeScanTests.xctest; sourceTree = BUILT_PRODUCTS_DIR; };
		67FB94D7256A0FDE78036E47 /* IOSControls.swift */ = {isa = PBXFileReference; lastKnownFileType = sourcecode.swift; path = IOSControls.swift; sourceTree = "<group>"; };
		68134443D18E1CBD7201E70E /* AuthService.swift */ = {isa = PBXFileReference; lastKnownFileType = sourcecode.swift; path = AuthService.swift; sourceTree = "<group>"; };
		6DC663AC61E6EE415EDF16D3 /* MeasureControls.swift */ = {isa = PBXFileReference; lastKnownFileType = sourcecode.swift; path = MeasureControls.swift; sourceTree = "<group>"; };
		6EFD9F8D9FF0E08636D87786 /* TapeScanUITests.xctest */ = {isa = PBXFileReference; includeInIndex = 0; lastKnownFileType = wrapper.cfbundle; path = TapeScanUITests.xctest; sourceTree = BUILT_PRODUCTS_DIR; };
		749A89F3565DD1B52D82F9E7 /* AnalyticsService.swift */ = {isa = PBXFileReference; lastKnownFileType = sourcecode.swift; path = AnalyticsService.swift; sourceTree = "<group>"; };
		77950248AF8E8925748BFEAC /* Shutter.swift */ = {isa = PBXFileReference; lastKnownFileType = sourcecode.swift; path = Shutter.swift; sourceTree = "<group>"; };
		77AD7324051F8A6A75173DEF /* UnitFormatTests.swift */ = {isa = PBXFileReference; lastKnownFileType = sourcecode.swift; path = UnitFormatTests.swift; sourceTree = "<group>"; };
		7952A6746C94C008AE553685 /* RoomScanView.swift */ = {isa = PBXFileReference; lastKnownFileType = sourcecode.swift; path = RoomScanView.swift; sourceTree = "<group>"; };
		8119FF31F81C5BACBD109115 /* ARMeasureService.swift */ = {isa = PBXFileReference; lastKnownFileType = sourcecode.swift; path = ARMeasureService.swift; sourceTree = "<group>"; };
		83A10A28D18885D2E97D4409 /* TapeMeasureARProApp.swift */ = {isa = PBXFileReference; lastKnownFileType = sourcecode.swift; path = TapeMeasureARProApp.swift; sourceTree = "<group>"; };
		8850CB15986A4D93B73F780D /* Icon.swift */ = {isa = PBXFileReference; lastKnownFileType = sourcecode.swift; path = Icon.swift; sourceTree = "<group>"; };
		8CCDC4A4DD7DA34F5349950A /* TrackingQualityMappingTests.swift */ = {isa = PBXFileReference; lastKnownFileType = sourcecode.swift; path = TrackingQualityMappingTests.swift; sourceTree = "<group>"; };
		8ED38FEF71D0C5E27BE88E43 /* SessionDraftStore.swift */ = {isa = PBXFileReference; lastKnownFileType = sourcecode.swift; path = SessionDraftStore.swift; sourceTree = "<group>"; };
		8F4415FC55B06D165637F018 /* PrivacyInfo.xcprivacy */ = {isa = PBXFileReference; lastKnownFileType = text.xml; path = PrivacyInfo.xcprivacy; sourceTree = "<group>"; };
		9383F93E0991D93B5872C43B /* SettingsView.swift */ = {isa = PBXFileReference; lastKnownFileType = sourcecode.swift; path = SettingsView.swift; sourceTree = "<group>"; };
		946BF90A9ECD2EA492D74F8A /* SimulatedARMeasureServiceTests.swift */ = {isa = PBXFileReference; lastKnownFileType = sourcecode.swift; path = SimulatedARMeasureServiceTests.swift; sourceTree = "<group>"; };
		9706822F943B7C2059A8ADBA /* UpgradeFlow.swift */ = {isa = PBXFileReference; lastKnownFileType = sourcecode.swift; path = UpgradeFlow.swift; sourceTree = "<group>"; };
		9FC5CFE2C839747669855D5D /* AttributionTrackerTests.swift */ = {isa = PBXFileReference; lastKnownFileType = sourcecode.swift; path = AttributionTrackerTests.swift; sourceTree = "<group>"; };
		A0DF1DA862210F71D931D7B6 /* MeasureBView.swift */ = {isa = PBXFileReference; lastKnownFileType = sourcecode.swift; path = MeasureBView.swift; sourceTree = "<group>"; };
		A361A4D8902413890C21444C /* CapturedRoomConverterTests.swift */ = {isa = PBXFileReference; lastKnownFileType = sourcecode.swift; path = CapturedRoomConverterTests.swift; sourceTree = "<group>"; };
		A3F1882FED0A1E47F2DE1891 /* SignInView.swift */ = {isa = PBXFileReference; lastKnownFileType = sourcecode.swift; path = SignInView.swift; sourceTree = "<group>"; };
		A4611184C1CA04B0B13DD53E /* PDFExporter.swift */ = {isa = PBXFileReference; lastKnownFileType = sourcecode.swift; path = PDFExporter.swift; sourceTree = "<group>"; };
		A5DF30DA91A8C0FA38C47FFD /* AppStateBrandTests.swift */ = {isa = PBXFileReference; lastKnownFileType = sourcecode.swift; path = AppStateBrandTests.swift; sourceTree = "<group>"; };
		A9A506848E51054BBE6D3F89 /* MeasureCView.swift */ = {isa = PBXFileReference; lastKnownFileType = sourcecode.swift; path = MeasureCView.swift; sourceTree = "<group>"; };
		A9FB5B4D1601D87E6C8D53BB /* TapeScan.entitlements */ = {isa = PBXFileReference; lastKnownFileType = text.plist.entitlements; path = TapeScan.entitlements; sourceTree = "<group>"; };
		AB542834AC03B736BD60F054 /* MeasureBackdrop.swift */ = {isa = PBXFileReference; lastKnownFileType = sourcecode.swift; path = MeasureBackdrop.swift; sourceTree = "<group>"; };
		AC9E9943D25B4A1AF88AACC7 /* FloorPlanModel.swift */ = {isa = PBXFileReference; lastKnownFileType = sourcecode.swift; path = FloorPlanModel.swift; sourceTree = "<group>"; };
		AFAFB6B1232B7B52D13B8BEE /* OnbPermissionView.swift */ = {isa = PBXFileReference; lastKnownFileType = sourcecode.swift; path = OnbPermissionView.swift; sourceTree = "<group>"; };
		B01E25555DA98093B2A30CD6 /* RoomRecord.swift */ = {isa = PBXFileReference; lastKnownFileType = sourcecode.swift; path = RoomRecord.swift; sourceTree = "<group>"; };
		B042E9C50871677AE2B1280D /* ExportersTests.swift */ = {isa = PBXFileReference; lastKnownFileType = sourcecode.swift; path = ExportersTests.swift; sourceTree = "<group>"; };
		B06485D0178A2DFA4B49850D /* FloorPlanModelTests.swift */ = {isa = PBXFileReference; lastKnownFileType = sourcecode.swift; path = FloorPlanModelTests.swift; sourceTree = "<group>"; };
		B2522359FDE1BAD3E5D96DF4 /* RootView.swift */ = {isa = PBXFileReference; lastKnownFileType = sourcecode.swift; path = RootView.swift; sourceTree = "<group>"; };
		B45EDFE4906B88C66049B688 /* FloorPlanEditorView.swift */ = {isa = PBXFileReference; lastKnownFileType = sourcecode.swift; path = FloorPlanEditorView.swift; sourceTree = "<group>"; };
		BB7FB7B4E97A3D4BA41FB164 /* Chip.swift */ = {isa = PBXFileReference; lastKnownFileType = sourcecode.swift; path = Chip.swift; sourceTree = "<group>"; };
		BE3FE6EA1598EA638F420976 /* LiveSceneBuilder.swift */ = {isa = PBXFileReference; lastKnownFileType = sourcecode.swift; path = LiveSceneBuilder.swift; sourceTree = "<group>"; };
		C33295A46F03522A0D5E08D0 /* SmokeTests.swift */ = {isa = PBXFileReference; lastKnownFileType = sourcecode.swift; path = SmokeTests.swift; sourceTree = "<group>"; };
		C354D269884E484AB77F6F78 /* CameraBackdrop.swift */ = {isa = PBXFileReference; lastKnownFileType = sourcecode.swift; path = CameraBackdrop.swift; sourceTree = "<group>"; };
		C39AFF5B0EFE28D1A1C80587 /* MeasureTypes.swift */ = {isa = PBXFileReference; lastKnownFileType = sourcecode.swift; path = MeasureTypes.swift; sourceTree = "<group>"; };
		C5124BB5FB7F73707690AF26 /* OnbWelcomeView.swift */ = {isa = PBXFileReference; lastKnownFileType = sourcecode.swift; path = OnbWelcomeView.swift; sourceTree = "<group>"; };
		C62B9BD32537555D9C604FCD /* PurchaseService.swift */ = {isa = PBXFileReference; lastKnownFileType = sourcecode.swift; path = PurchaseService.swift; sourceTree = "<group>"; };
		CD68C91758AEAACFAC753A77 /* AppStateSettingsTests.swift */ = {isa = PBXFileReference; lastKnownFileType = sourcecode.swift; path = AppStateSettingsTests.swift; sourceTree = "<group>"; };
		CF9ADFA7C17E5A0AA4F689EA /* AttributionTracker.swift */ = {isa = PBXFileReference; lastKnownFileType = sourcecode.swift; path = AttributionTracker.swift; sourceTree = "<group>"; };
		D1AC54FA770A82B8D6CA0C1E /* ValuePill.swift */ = {isa = PBXFileReference; lastKnownFileType = sourcecode.swift; path = ValuePill.swift; sourceTree = "<group>"; };
		D8031CD62FF02CD6007F1285 /* GoogleService-Info.plist */ = {isa = PBXFileReference; lastKnownFileType = text.plist.xml; path = "GoogleService-Info.plist"; sourceTree = "<group>"; };
		DAFF30AA1CBCAE8050BC3F84 /* Color+Hex.swift */ = {isa = PBXFileReference; lastKnownFileType = sourcecode.swift; path = "Color+Hex.swift"; sourceTree = "<group>"; };
		DE0C91E2B4EAB840F3B84106 /* GLTFExporter.swift */ = {isa = PBXFileReference; lastKnownFileType = sourcecode.swift; path = GLTFExporter.swift; sourceTree = "<group>"; };
		E2E5D402CBACEDB5272CF415 /* ExportView.swift */ = {isa = PBXFileReference; lastKnownFileType = sourcecode.swift; path = ExportView.swift; sourceTree = "<group>"; };
		E6F2C3067D2B3F40E8C93F72 /* StoreKitPurchaseService.swift */ = {isa = PBXFileReference; lastKnownFileType = sourcecode.swift; path = StoreKitPurchaseService.swift; sourceTree = "<group>"; };
		E7A5FC2A7168A15722D974C5 /* FeaturePoints.swift */ = {isa = PBXFileReference; lastKnownFileType = sourcecode.swift; path = FeaturePoints.swift; sourceTree = "<group>"; };
		E7E33BD84FEEFFD3E7A27BB2 /* SyncEngine.swift */ = {isa = PBXFileReference; lastKnownFileType = sourcecode.swift; path = SyncEngine.swift; sourceTree = "<group>"; };
		EB967D7619CDDCC48497F1EE /* PersistenceTests.swift */ = {isa = PBXFileReference; lastKnownFileType = sourcecode.swift; path = PersistenceTests.swift; sourceTree = "<group>"; };
		ED75B031C6FA01AFF09D3ABF /* ProductMappingTests.swift */ = {isa = PBXFileReference; lastKnownFileType = sourcecode.swift; path = ProductMappingTests.swift; sourceTree = "<group>"; };
		EDF88D8697A3654FB45D25D7 /* ModelContainerFactory.swift */ = {isa = PBXFileReference; lastKnownFileType = sourcecode.swift; path = ModelContainerFactory.swift; sourceTree = "<group>"; };
		F534B6DECCED95D4F2624D05 /* TapeScanTests.swift */ = {isa = PBXFileReference; lastKnownFileType = sourcecode.swift; path = TapeScanTests.swift; sourceTree = "<group>"; };
		F59B806941DC1F427E3ABFA8 /* SupabaseSyncRemote.swift */ = {isa = PBXFileReference; lastKnownFileType = sourcecode.swift; path = SupabaseSyncRemote.swift; sourceTree = "<group>"; };
		F69692D600A7D3BF194AD76C /* SupabaseConfig.swift */ = {isa = PBXFileReference; lastKnownFileType = sourcecode.swift; path = SupabaseConfig.swift; sourceTree = "<group>"; };
		F6F61C2EDCB344C97C164FD8 /* MainTabView.swift */ = {isa = PBXFileReference; lastKnownFileType = sourcecode.swift; path = MainTabView.swift; sourceTree = "<group>"; };
		F8A44956BDB1D755CA082147 /* GroupedList.swift */ = {isa = PBXFileReference; lastKnownFileType = sourcecode.swift; path = GroupedList.swift; sourceTree = "<group>"; };
		FB4C6B6F6A4D0882DA4E4635 /* GlassCard.swift */ = {isa = PBXFileReference; lastKnownFileType = sourcecode.swift; path = GlassCard.swift; sourceTree = "<group>"; };
		FB79D2D010BAACCC1BCB70B7 /* PaywallView.swift */ = {isa = PBXFileReference; lastKnownFileType = sourcecode.swift; path = PaywallView.swift; sourceTree = "<group>"; };
		FCD8ED77F51AF37F326C410B /* CapturedRoomConverter.swift */ = {isa = PBXFileReference; lastKnownFileType = sourcecode.swift; path = CapturedRoomConverter.swift; sourceTree = "<group>"; };
		FF70419ED5F0DB9D3C17E834 /* FloorPlanEditorModelTests.swift */ = {isa = PBXFileReference; lastKnownFileType = sourcecode.swift; path = FloorPlanEditorModelTests.swift; sourceTree = "<group>"; };
/* End PBXFileReference section */

/* Begin PBXFrameworksBuildPhase section */
		06FF9CD43D01A43636E16456 /* Frameworks */ = {
			isa = PBXFrameworksBuildPhase;
			buildActionMask = 2147483647;
			files = (
				4C30EE185143D9424E0EA8AD /* Supabase in Frameworks */,
				B92837337C9DA859F14E4A80 /* GoogleSignIn in Frameworks */,
				D8031CD32FF02BFA007F1285 /* FirebaseAnalytics in Frameworks */,
				D8031CD52FF02BFA007F1285 /* FirebaseAnalyticsCore in Frameworks */,
			);
			runOnlyForDeploymentPostprocessing = 0;
		};
/* End PBXFrameworksBuildPhase section */

/* Begin PBXGroup section */
		1D0647487A4092898F5B6959 /* Theme */ = {
			isa = PBXGroup;
			children = (
				DAFF30AA1CBCAE8050BC3F84 /* Color+Hex.swift */,
				54C7A01A4C164B6B13709437 /* Theme.swift */,
				3D46DA5FEF1B06BEC02241B5 /* UnitFormatters.swift */,
			);
			path = Theme;
			sourceTree = "<group>";
		};
		249F2A394DBE0E64E7468401 /* Tests */ = {
			isa = PBXGroup;
			children = (
				E2B954474B3FFE87D77C3A36 /* TapeScanTests */,
				BDEBED75DEFAF4646DA93872 /* TapeScanUITests */,
			);
			path = Tests;
			sourceTree = "<group>";
		};
		4B4ACD89149DC5A7649E25C3 /* Rooms */ = {
			isa = PBXGroup;
			children = (
				E2E5D402CBACEDB5272CF415 /* ExportView.swift */,
				B45EDFE4906B88C66049B688 /* FloorPlanEditorView.swift */,
				FB79D2D010BAACCC1BCB70B7 /* PaywallView.swift */,
				7952A6746C94C008AE553685 /* RoomScanView.swift */,
			);
			path = Rooms;
			sourceTree = "<group>";
		};
		55FF0D88EC78956CC7301A38 /* Resources */ = {
			isa = PBXGroup;
			children = (
				3968C15BB6FAA92E39C59E51 /* Assets.xcassets */,
				4280D7ABC74C9C8768A1A4AD /* Info.plist */,
				8F4415FC55B06D165637F018 /* PrivacyInfo.xcprivacy */,
				A9FB5B4D1601D87E6C8D53BB /* TapeScan.entitlements */,
				D8031CD62FF02CD6007F1285 /* GoogleService-Info.plist */,
			);
			path = Resources;
			sourceTree = "<group>";
		};
		7E327E836B205C873BF82DAC /* Sources */ = {
			isa = PBXGroup;
			children = (
				B8FED12127CAEFB04DD62C86 /* App */,
				DDF5B33CB4746EEB52A74F82 /* Components */,
				B29FC1130E4A9FB2151676A2 /* Domain */,
				9018B2356CD7BC7955C0AFEC /* Persistence */,
				55FF0D88EC78956CC7301A38 /* Resources */,
				D80ECC71E4C3E3E7540B5300 /* Screens */,
				F055BEB6C9D618D7595C7400 /* Services */,
				1D0647487A4092898F5B6959 /* Theme */,
			);
			path = Sources;
			sourceTree = "<group>";
		};
		88AC7ED62144FF19D97C72B3 /* Onboarding */ = {
			isa = PBXGroup;
			children = (
				6040C95B6A2583E5DBB4206B /* OnbCalibrateView.swift */,
				63FAF7B6E03F5CD60157E24D /* OnboardingFlowView.swift */,
				AFAFB6B1232B7B52D13B8BEE /* OnbPermissionView.swift */,
				C5124BB5FB7F73707690AF26 /* OnbWelcomeView.swift */,
			);
			path = Onboarding;
			sourceTree = "<group>";
		};
		8A9EAD693376B621BF2D22AE /* Auth */ = {
			isa = PBXGroup;
			children = (
				0318FC93BBE8D51D9B3FA3C2 /* AppleSignInCoordinator.swift */,
				1BE71453DF5C6BCFC3389C32 /* GoogleSignInCoordinator.swift */,
				A3F1882FED0A1E47F2DE1891 /* SignInView.swift */,
				3118D2DE645FBF43DC831E5A /* VerifyCodeView.swift */,
			);
			path = Auth;
			sourceTree = "<group>";
		};
		9018B2356CD7BC7955C0AFEC /* Persistence */ = {
			isa = PBXGroup;
			children = (
				5300EF69F268E8FF0CC4356B /* MeasurementRecord.swift */,
				EDF88D8697A3654FB45D25D7 /* ModelContainerFactory.swift */,
				B01E25555DA98093B2A30CD6 /* RoomRecord.swift */,
				8ED38FEF71D0C5E27BE88E43 /* SessionDraftStore.swift */,
			);
			path = Persistence;
			sourceTree = "<group>";
		};
		92D2E9801FE3112F34E3F631 /* Export */ = {
			isa = PBXGroup;
			children = (
				3CB05998E50247F50640FA7F /* CSVExporter.swift */,
				265DB6E8BF6ACF543EF68B85 /* DXFExporter.swift */,
				40CECA1B2B87BED40DFD6393 /* ExportService.swift */,
				DE0C91E2B4EAB840F3B84106 /* GLTFExporter.swift */,
				A4611184C1CA04B0B13DD53E /* PDFExporter.swift */,
				027B854ABFEB467556653257 /* PNGExporter.swift */,
				0DB197BA26D66C05406424BC /* SVGExporter.swift */,
			);
			path = Export;
			sourceTree = "<group>";
		};
		9FA20C8FF9B34EF506163EF1 /* Measure */ = {
			isa = PBXGroup;
			children = (
				BE3FE6EA1598EA638F420976 /* LiveSceneBuilder.swift */,
				17C1C8C652EFBF00272FCCB6 /* MeasureAView.swift */,
				AB542834AC03B736BD60F054 /* MeasureBackdrop.swift */,
				A0DF1DA862210F71D931D7B6 /* MeasureBView.swift */,
				6DC663AC61E6EE415EDF16D3 /* MeasureControls.swift */,
				A9A506848E51054BBE6D3F89 /* MeasureCView.swift */,
				622523F0B707C36A93521FA0 /* MeasureScene.swift */,
				50F0F62E8A1598538A27FA0D /* MeasureView.swift */,
			);
			path = Measure;
			sourceTree = "<group>";
		};
		B29FC1130E4A9FB2151676A2 /* Domain */ = {
			isa = PBXGroup;
			children = (
				FCD8ED77F51AF37F326C410B /* CapturedRoomConverter.swift */,
				05159C3A0182D443042BD604 /* FloorPlanEditorModel.swift */,
				AC9E9943D25B4A1AF88AACC7 /* FloorPlanModel.swift */,
				0D502AFD85C8D2EB895C1CDB /* MeasureMath.swift */,
				C39AFF5B0EFE28D1A1C80587 /* MeasureTypes.swift */,
			);
			path = Domain;
			sourceTree = "<group>";
		};
		B8FED12127CAEFB04DD62C86 /* App */ = {
			isa = PBXGroup;
			children = (
				13A1D8EAB15807296E75631F /* AppState.swift */,
				4445267E139B05347C7E4A6A /* AuthFlowView.swift */,
				F6F61C2EDCB344C97C164FD8 /* MainTabView.swift */,
				37B369180E9061586B748293 /* RoomsView.swift */,
				B2522359FDE1BAD3E5D96DF4 /* RootView.swift */,
				83A10A28D18885D2E97D4409 /* TapeMeasureARProApp.swift */,
				9706822F943B7C2059A8ADBA /* UpgradeFlow.swift */,
			);
			path = App;
			sourceTree = "<group>";
		};
		BDEBED75DEFAF4646DA93872 /* TapeScanUITests */ = {
			isa = PBXGroup;
			children = (
				C33295A46F03522A0D5E08D0 /* SmokeTests.swift */,
			);
			path = TapeScanUITests;
			sourceTree = "<group>";
		};
		C5DC905A50168D5F2DA27108 /* Products */ = {
			isa = PBXGroup;
			children = (
				23BC2ACFCD872AC7C1E32651 /* TapeScan.app */,
				674376DA03859FB83A3B8BE9 /* TapeScanTests.xctest */,
				6EFD9F8D9FF0E08636D87786 /* TapeScanUITests.xctest */,
			);
			name = Products;
			sourceTree = "<group>";
		};
		D80ECC71E4C3E3E7540B5300 /* Screens */ = {
			isa = PBXGroup;
			children = (
				8A9EAD693376B621BF2D22AE /* Auth */,
				FFD80B74849A3C2DCD2553E8 /* Library */,
				9FA20C8FF9B34EF506163EF1 /* Measure */,
				88AC7ED62144FF19D97C72B3 /* Onboarding */,
				4B4ACD89149DC5A7649E25C3 /* Rooms */,
			);
			path = Screens;
			sourceTree = "<group>";
		};
		DDF5B33CB4746EEB52A74F82 /* Components */ = {
			isa = PBXGroup;
			children = (
				C354D269884E484AB77F6F78 /* CameraBackdrop.swift */,
				BB7FB7B4E97A3D4BA41FB164 /* Chip.swift */,
				E7A5FC2A7168A15722D974C5 /* FeaturePoints.swift */,
				0B2E9DB5F611E5C25596519F /* FloorPlan.swift */,
				FB4C6B6F6A4D0882DA4E4635 /* GlassCard.swift */,
				8850CB15986A4D93B73F780D /* Icon.swift */,
				67FB94D7256A0FDE78036E47 /* IOSControls.swift */,
				02308EBCC17F244732D61EC5 /* Reticle.swift */,
				77950248AF8E8925748BFEAC /* Shutter.swift */,
				D1AC54FA770A82B8D6CA0C1E /* ValuePill.swift */,
			);
			path = Components;
			sourceTree = "<group>";
		};
		E2B954474B3FFE87D77C3A36 /* TapeScanTests */ = {
			isa = PBXGroup;
			children = (
				A5DF30DA91A8C0FA38C47FFD /* AppStateBrandTests.swift */,
				CD68C91758AEAACFAC753A77 /* AppStateSettingsTests.swift */,
				160A7169F98D50FB48079639 /* ARPlacementTests.swift */,
				9FC5CFE2C839747669855D5D /* AttributionTrackerTests.swift */,
				A361A4D8902413890C21444C /* CapturedRoomConverterTests.swift */,
				B042E9C50871677AE2B1280D /* ExportersTests.swift */,
				FF70419ED5F0DB9D3C17E834 /* FloorPlanEditorModelTests.swift */,
				B06485D0178A2DFA4B49850D /* FloorPlanModelTests.swift */,
				41B75DFA130AA41FF4178979 /* MeasureMathTests.swift */,
				EB967D7619CDDCC48497F1EE /* PersistenceTests.swift */,
				ED75B031C6FA01AFF09D3ABF /* ProductMappingTests.swift */,
				946BF90A9ECD2EA492D74F8A /* SimulatedARMeasureServiceTests.swift */,
				5EF03A1CFBA931F540897774 /* SyncEngineTests.swift */,
				F534B6DECCED95D4F2624D05 /* TapeScanTests.swift */,
				8CCDC4A4DD7DA34F5349950A /* TrackingQualityMappingTests.swift */,
				77AD7324051F8A6A75173DEF /* UnitFormatTests.swift */,
			);
			path = TapeScanTests;
			sourceTree = "<group>";
		};
		F055BEB6C9D618D7595C7400 /* Services */ = {
			isa = PBXGroup;
			children = (
				36981A12FDDE1D097D9538C7 /* ARKitMeasureService.swift */,
				8119FF31F81C5BACBD109115 /* ARMeasureService.swift */,
				4F8CB3AE74B68317B955F85A /* ARPlacement.swift */,
				58509F8544E0CDE7D691B8F9 /* ARTrackingMapping.swift */,
				749A89F3565DD1B52D82F9E7 /* AnalyticsService.swift */,
				CF9ADFA7C17E5A0AA4F689EA /* AttributionTracker.swift */,
				68134443D18E1CBD7201E70E /* AuthService.swift */,
				C62B9BD32537555D9C604FCD /* PurchaseService.swift */,
				249DFE4A3A0B69B30F50E8D1 /* RoomScanService.swift */,
				E6F2C3067D2B3F40E8C93F72 /* StoreKitPurchaseService.swift */,
				4837D735802B48E682D61BD6 /* SupabaseAuthService.swift */,
				F69692D600A7D3BF194AD76C /* SupabaseConfig.swift */,
				F59B806941DC1F427E3ABFA8 /* SupabaseSyncRemote.swift */,
				E7E33BD84FEEFFD3E7A27BB2 /* SyncEngine.swift */,
				92D2E9801FE3112F34E3F631 /* Export */,
			);
			path = Services;
			sourceTree = "<group>";
		};
		FF220E14C4D2EA0634A15469 = {
			isa = PBXGroup;
			children = (
				7E327E836B205C873BF82DAC /* Sources */,
				249F2A394DBE0E64E7468401 /* Tests */,
				C5DC905A50168D5F2DA27108 /* Products */,
			);
			sourceTree = "<group>";
		};
		FFD80B74849A3C2DCD2553E8 /* Library */ = {
			isa = PBXGroup;
			children = (
				F8A44956BDB1D755CA082147 /* GroupedList.swift */,
				63E32F053E2D0D2929E8319F /* HistoryView.swift */,
				9383F93E0991D93B5872C43B /* SettingsView.swift */,
			);
			path = Library;
			sourceTree = "<group>";
		};
/* End PBXGroup section */

/* Begin PBXNativeTarget section */
		05A75B0662002628944FCC28 /* TapeScan */ = {
			isa = PBXNativeTarget;
			buildConfigurationList = 5744FF876F6A46608796AF4B /* Build configuration list for PBXNativeTarget "TapeScan" */;
			buildPhases = (
				4CD7BC8594D2C8C8D6990AF4 /* Sources */,
				649BC8D26F1BFF5CD93952D2 /* Resources */,
				06FF9CD43D01A43636E16456 /* Frameworks */,
			);
			buildRules = (
			);
			dependencies = (
			);
			name = TapeScan;
			packageProductDependencies = (
				0DE5065621590E9735B598EF /* Supabase */,
				9A6EFC756E3FDD1D4B9F7BD8 /* GoogleSignIn */,
				D8031CD22FF02BFA007F1285 /* FirebaseAnalytics */,
				D8031CD42FF02BFA007F1285 /* FirebaseAnalyticsCore */,
			);
			productName = TapeScan;
			productReference = 23BC2ACFCD872AC7C1E32651 /* TapeScan.app */;
			productType = "com.apple.product-type.application";
		};
		821DCCDD32C06B10DE2AAE3C /* TapeScanTests */ = {
			isa = PBXNativeTarget;
			buildConfigurationList = 7377904901C7685F5C1FE3B2 /* Build configuration list for PBXNativeTarget "TapeScanTests" */;
			buildPhases = (
				69C8C66AA209DE9AE3AD5442 /* Sources */,
			);
			buildRules = (
			);
			dependencies = (
				A9D8F1E5F47220B0A9850C02 /* PBXTargetDependency */,
			);
			name = TapeScanTests;
			packageProductDependencies = (
			);
			productName = TapeScanTests;
			productReference = 674376DA03859FB83A3B8BE9 /* TapeScanTests.xctest */;
			productType = "com.apple.product-type.bundle.unit-test";
		};
		E11860F11D40B31FA950E697 /* TapeScanUITests */ = {
			isa = PBXNativeTarget;
			buildConfigurationList = 78D90AD8C62CAB19BBE2A6B4 /* Build configuration list for PBXNativeTarget "TapeScanUITests" */;
			buildPhases = (
				CE0C1AF9C30F91ED473F88FC /* Sources */,
			);
			buildRules = (
			);
			dependencies = (
				8CB658D5153B8095BBD9C5B9 /* PBXTargetDependency */,
			);
			name = TapeScanUITests;
			packageProductDependencies = (
			);
			productName = TapeScanUITests;
			productReference = 6EFD9F8D9FF0E08636D87786 /* TapeScanUITests.xctest */;
			productType = "com.apple.product-type.bundle.ui-testing";
		};
/* End PBXNativeTarget section */

/* Begin PBXProject section */
		3F122ADEC9B9E63256D6D0B3 /* Project object */ = {
			isa = PBXProject;
			attributes = {
				BuildIndependentTargetsInParallel = YES;
				LastUpgradeCheck = 1430;
				TargetAttributes = {
					05A75B0662002628944FCC28 = {
						DevelopmentTeam = 5VHRN5SF2P;
						ProvisioningStyle = Automatic;
					};
					821DCCDD32C06B10DE2AAE3C = {
						DevelopmentTeam = 5VHRN5SF2P;
						ProvisioningStyle = Automatic;
					};
					E11860F11D40B31FA950E697 = {
						DevelopmentTeam = 5VHRN5SF2P;
						ProvisioningStyle = Automatic;
						TestTargetID = 05A75B0662002628944FCC28;
					};
				};
			};
			buildConfigurationList = 4B613ACA4F555E47FBD6E486 /* Build configuration list for PBXProject "TapeMeasureARPro" */;
			developmentRegion = en;
			hasScannedForEncodings = 0;
			knownRegions = (
				Base,
				en,
			);
			mainGroup = FF220E14C4D2EA0634A15469;
			minimizedProjectReferenceProxies = 1;
			packageReferences = (
				DE6DC5055A88C9070971D19D /* XCRemoteSwiftPackageReference "GoogleSignIn-iOS" */,
				84E244D5BDE7AB6C55C35EE6 /* XCRemoteSwiftPackageReference "supabase-swift" */,
				D8031CD12FF02BFA007F1285 /* XCRemoteSwiftPackageReference "firebase-ios-sdk" */,
			);
			preferredProjectObjectVersion = 77;
			productRefGroup = C5DC905A50168D5F2DA27108 /* Products */;
			projectDirPath = "";
			projectRoot = "";
			targets = (
				05A75B0662002628944FCC28 /* TapeScan */,
				821DCCDD32C06B10DE2AAE3C /* TapeScanTests */,
				E11860F11D40B31FA950E697 /* TapeScanUITests */,
			);
		};
/* End PBXProject section */

/* Begin PBXResourcesBuildPhase section */
		649BC8D26F1BFF5CD93952D2 /* Resources */ = {
			isa = PBXResourcesBuildPhase;
			buildActionMask = 2147483647;
			files = (
				F0DFFCC86BF09B288593038E /* Assets.xcassets in Resources */,
				36F52922C6F0F66DF86CA2AF /* PrivacyInfo.xcprivacy in Resources */,
				D8031CD72FF02CD6007F1285 /* GoogleService-Info.plist in Resources */,
			);
			runOnlyForDeploymentPostprocessing = 0;
		};
/* End PBXResourcesBuildPhase section */

/* Begin PBXSourcesBuildPhase section */
		4CD7BC8594D2C8C8D6990AF4 /* Sources */ = {
			isa = PBXSourcesBuildPhase;
			buildActionMask = 2147483647;
			files = (
				A62931A6545518B24331EC3F /* ARKitMeasureService.swift in Sources */,
				CACF68FB1670F7B6D81F4AF4 /* ARMeasureService.swift in Sources */,
				861EF1E4E9188F0784711824 /* ARPlacement.swift in Sources */,
				A5B8BD0DC0870BB6EB06B87A /* ARTrackingMapping.swift in Sources */,
				95EE4E16BE1BEA13CB4CC66B /* AppState.swift in Sources */,
				DCC4BA0D353B71359104D69E /* AppleSignInCoordinator.swift in Sources */,
				EAA678EBB93AB96C28E1ACBF /* AuthFlowView.swift in Sources */,
				BA9D64FBAE106C5D2EAD9911 /* AnalyticsService.swift in Sources */,
				625CBDA84DFF63D71DF0D878 /* AttributionTracker.swift in Sources */,
				D4493B2E44305E12F4EDD1FC /* AuthService.swift in Sources */,
				83C58C90E161379EF1B6854A /* CSVExporter.swift in Sources */,
				E0BC4C1DB5968F240F49CBCE /* CameraBackdrop.swift in Sources */,
				E0B61E17DE666816E0EB4D32 /* CapturedRoomConverter.swift in Sources */,
				650EB1DECF310366FF7974CB /* Chip.swift in Sources */,
				B05465B8DB655BD0A33920A1 /* Color+Hex.swift in Sources */,
				CD59CABECAC11E7056BA7311 /* DXFExporter.swift in Sources */,
				BEDFBEABD5D62BFCB1AD68D0 /* ExportService.swift in Sources */,
				C0F00F48DA584A479953E9FF /* ExportView.swift in Sources */,
				37B5F3ECAECA81D3902B6210 /* FeaturePoints.swift in Sources */,
				57E712A45120EC1F39171A2E /* FloorPlan.swift in Sources */,
				738639914BF08BAF443BF5B6 /* FloorPlanEditorModel.swift in Sources */,
				E275AE2707FBD02A9F189B73 /* FloorPlanEditorView.swift in Sources */,
				1AC0DC3698F35E24319A7A37 /* FloorPlanModel.swift in Sources */,
				82F24DBEDFDC1779A5A2F72E /* GLTFExporter.swift in Sources */,
				CD13EBA4B022C01978CBF588 /* GlassCard.swift in Sources */,
				7A0359B60C3A99727F3F095B /* GoogleSignInCoordinator.swift in Sources */,
				53AD88BDE903AE1C1FC17263 /* GroupedList.swift in Sources */,
				BF592A236331CCD85A175F8F /* HistoryView.swift in Sources */,
				E4013C34C559814D9DB70BF9 /* IOSControls.swift in Sources */,
				94E8435400B188DDE786D3F6 /* Icon.swift in Sources */,
				DFE360A5CF8102B91627C2AE /* LiveSceneBuilder.swift in Sources */,
				F4FF90F876792C9F28387868 /* MainTabView.swift in Sources */,
				13D72BB82D2E28E0C5D9FC1F /* MeasureAView.swift in Sources */,
				E86696095F32FB38EF7C89A8 /* MeasureBView.swift in Sources */,
				22FE459D61F778BCE79B8E19 /* MeasureBackdrop.swift in Sources */,
				16F225DC0C15AAA28F8BC785 /* MeasureCView.swift in Sources */,
				4456D7997157B38BC63AD2ED /* MeasureControls.swift in Sources */,
				BD00AF879413A129E4B29C34 /* MeasureMath.swift in Sources */,
				9BFE95BAB6EDBCE4D0E5CB9B /* MeasureScene.swift in Sources */,
				BADB2A4EEA313FD46BD3A337 /* MeasureTypes.swift in Sources */,
				1E6BAB4453BD1B7C43283CD8 /* MeasureView.swift in Sources */,
				812B78BE07ED961F879EA2F0 /* MeasurementRecord.swift in Sources */,
				4D43FE998A60ACBBB5D93EC3 /* ModelContainerFactory.swift in Sources */,
				5EEC806565B98002230E9914 /* OnbCalibrateView.swift in Sources */,
				23ED6FDA8526D305D61BDC3A /* OnbPermissionView.swift in Sources */,
				5B1844E9703037E1F4C95592 /* OnbWelcomeView.swift in Sources */,
				48CB6E4559E01BEB76D739B7 /* OnboardingFlowView.swift in Sources */,
				EAB8592971EF0039F5E58D71 /* PDFExporter.swift in Sources */,
				F0D76661673215B3A035FDE8 /* PNGExporter.swift in Sources */,
				B7213F3F88F763A2DCF90013 /* PaywallView.swift in Sources */,
				F1A21734443D6CDFA477F774 /* PurchaseService.swift in Sources */,
				24572D0C07F85AABC4A98BF5 /* Reticle.swift in Sources */,
				8FED561765B5178BAF2F44B5 /* RoomRecord.swift in Sources */,
				EDFB1A23396613EC4111509E /* RoomScanService.swift in Sources */,
				68783F56FDF5A4E09D1E63BC /* RoomScanView.swift in Sources */,
				0A9B108D47176B9D158D529F /* RoomsView.swift in Sources */,
				EE8D34F74F597B4E1D028B28 /* RootView.swift in Sources */,
				C2BB8AAE1930A460382B7CC2 /* SVGExporter.swift in Sources */,
				DA93A68683E035D3931C4D1E /* SessionDraftStore.swift in Sources */,
				C92337A45C20C4B52AC64965 /* SettingsView.swift in Sources */,
				FC135E720CF81755DFD5C8A9 /* Shutter.swift in Sources */,
				E6D8B7621910E53E200027AD /* SignInView.swift in Sources */,
				ABD4F129C8B4BADFCC39E250 /* StoreKitPurchaseService.swift in Sources */,
				6F25473B28888ABF2C5E2A56 /* SupabaseAuthService.swift in Sources */,
				6EDB2FC337FF3F19A87F5103 /* SupabaseConfig.swift in Sources */,
				2287715289EA87404C012CB4 /* SupabaseSyncRemote.swift in Sources */,
				FEB189AD6645BC502D3E870A /* SyncEngine.swift in Sources */,
				B0E5E6C09D5F31F138C15C9E /* TapeMeasureARProApp.swift in Sources */,
				E15761CBCC13A49DF5564BC2 /* Theme.swift in Sources */,
				B2B4B8BF8508D8065DA1F753 /* UnitFormatters.swift in Sources */,
				101A61C9E04862F02FB9E7CB /* UpgradeFlow.swift in Sources */,
				184B5D9EDE69FC26A85F7E85 /* ValuePill.swift in Sources */,
				69D6689E4E6C89C9823ED6CA /* VerifyCodeView.swift in Sources */,
			);
			runOnlyForDeploymentPostprocessing = 0;
		};
		69C8C66AA209DE9AE3AD5442 /* Sources */ = {
			isa = PBXSourcesBuildPhase;
			buildActionMask = 2147483647;
			files = (
				2B13706D8AC2FC630D84C5BA /* ARPlacementTests.swift in Sources */,
				A55179D7C47F0B43FFF43060 /* AttributionTrackerTests.swift in Sources */,
				7022DE10D9A33E3F1BA22011 /* AppStateBrandTests.swift in Sources */,
				E8116CD6AE8B80ABF38ED4D6 /* AppStateSettingsTests.swift in Sources */,
				F173DD288879A312B9A574EB /* CapturedRoomConverterTests.swift in Sources */,
				C07C59E0D63CF0B6955E1684 /* ExportersTests.swift in Sources */,
				BEE10CE71BEBE9EDBE82C119 /* FloorPlanEditorModelTests.swift in Sources */,
				96BFDD7B655A11FD8C8B560F /* FloorPlanModelTests.swift in Sources */,
				617E9511089620A4E52B5F10 /* MeasureMathTests.swift in Sources */,
				61F315C77457288AA9D52126 /* PersistenceTests.swift in Sources */,
				CBEA9635CBB9D74186100389 /* ProductMappingTests.swift in Sources */,
				9F40BB400097034BA19280C2 /* SimulatedARMeasureServiceTests.swift in Sources */,
				F82F14F6A8793A58557BE106 /* SyncEngineTests.swift in Sources */,
				175B4C807A2DAE4CD363648C /* TapeScanTests.swift in Sources */,
				A1852581F22EEA5C412F2BF8 /* TrackingQualityMappingTests.swift in Sources */,
				3EEC02BAB323AC03DADF8CF9 /* UnitFormatTests.swift in Sources */,
			);
			runOnlyForDeploymentPostprocessing = 0;
		};
		CE0C1AF9C30F91ED473F88FC /* Sources */ = {
			isa = PBXSourcesBuildPhase;
			buildActionMask = 2147483647;
			files = (
				A64F26C86BA7E167EA61F3D4 /* SmokeTests.swift in Sources */,
			);
			runOnlyForDeploymentPostprocessing = 0;
		};
/* End PBXSourcesBuildPhase section */

/* Begin PBXTargetDependency section */
		8CB658D5153B8095BBD9C5B9 /* PBXTargetDependency */ = {
			isa = PBXTargetDependency;
			target = 05A75B0662002628944FCC28 /* TapeScan */;
			targetProxy = A7F71BBBC53CD1D67001A67E /* PBXContainerItemProxy */;
		};
		A9D8F1E5F47220B0A9850C02 /* PBXTargetDependency */ = {
			isa = PBXTargetDependency;
			target = 05A75B0662002628944FCC28 /* TapeScan */;
			targetProxy = 5E0CA1C11E35C0630C61EE41 /* PBXContainerItemProxy */;
		};
/* End PBXTargetDependency section */

/* Begin XCBuildConfiguration section */
		03C6C7FA2673C0ECF3FC3307 /* Debug */ = {
			isa = XCBuildConfiguration;
			buildSettings = {
				ASSETCATALOG_COMPILER_APPICON_NAME = AppIcon;
				ASSETCATALOG_COMPILER_GLOBAL_ACCENT_COLOR_NAME = AccentColor;
				CODE_SIGN_ENTITLEMENTS = Sources/Resources/TapeScan.entitlements;
				CODE_SIGN_IDENTITY = "iPhone Developer";
				CURRENT_PROJECT_VERSION = 2;
				ENABLE_PREVIEWS = YES;
				GENERATE_INFOPLIST_FILE = NO;
				INFOPLIST_FILE = Sources/Resources/Info.plist;
				IPHONEOS_DEPLOYMENT_TARGET = 17.0;
				LD_RUNPATH_SEARCH_PATHS = (
					"$(inherited)",
					"@executable_path/Frameworks",
				);
				MARKETING_VERSION = 1.7;
				PRODUCT_BUNDLE_IDENTIFIER = com.faisalnurarif.tapescan;
				PRODUCT_NAME = TapeScan;
				SDKROOT = iphoneos;
				SWIFT_STRICT_CONCURRENCY = minimal;
				TARGETED_DEVICE_FAMILY = "1,2";
			};
			name = Debug;
		};
		66B10382045D65B762738E8C /* Release */ = {
			isa = XCBuildConfiguration;
			buildSettings = {
				BUNDLE_LOADER = "$(TEST_HOST)";
				GENERATE_INFOPLIST_FILE = YES;
				IPHONEOS_DEPLOYMENT_TARGET = 17.0;
				LD_RUNPATH_SEARCH_PATHS = (
					"$(inherited)",
					"@executable_path/Frameworks",
					"@loader_path/Frameworks",
				);
				PRODUCT_BUNDLE_IDENTIFIER = com.faisalnurarif.tapescan.tests;
				SDKROOT = iphoneos;
				TARGETED_DEVICE_FAMILY = "1,2";
				TEST_HOST = "$(BUILT_PRODUCTS_DIR)/TapeScan.app/TapeScan";
			};
			name = Release;
		};
		6C5B7BEA063FE452547F0BE9 /* Debug */ = {
			isa = XCBuildConfiguration;
			buildSettings = {
				ALWAYS_SEARCH_USER_PATHS = NO;
				CLANG_ANALYZER_NONNULL = YES;
				CLANG_ANALYZER_NUMBER_OBJECT_CONVERSION = YES_AGGRESSIVE;
				CLANG_CXX_LANGUAGE_STANDARD = "gnu++14";
				CLANG_CXX_LIBRARY = "libc++";
				CLANG_ENABLE_MODULES = YES;
				CLANG_ENABLE_OBJC_ARC = YES;
				CLANG_ENABLE_OBJC_WEAK = YES;
				CLANG_WARN_BLOCK_CAPTURE_AUTORELEASING = YES;
				CLANG_WARN_BOOL_CONVERSION = YES;
				CLANG_WARN_COMMA = YES;
				CLANG_WARN_CONSTANT_CONVERSION = YES;
				CLANG_WARN_DEPRECATED_OBJC_IMPLEMENTATIONS = YES;
				CLANG_WARN_DIRECT_OBJC_ISA_USAGE = YES_ERROR;
				CLANG_WARN_DOCUMENTATION_COMMENTS = YES;
				CLANG_WARN_EMPTY_BODY = YES;
				CLANG_WARN_ENUM_CONVERSION = YES;
				CLANG_WARN_INFINITE_RECURSION = YES;
				CLANG_WARN_INT_CONVERSION = YES;
				CLANG_WARN_NON_LITERAL_NULL_CONVERSION = YES;
				CLANG_WARN_OBJC_IMPLICIT_RETAIN_SELF = YES;
				CLANG_WARN_OBJC_LITERAL_CONVERSION = YES;
				CLANG_WARN_OBJC_ROOT_CLASS = YES_ERROR;
				CLANG_WARN_QUOTED_INCLUDE_IN_FRAMEWORK_HEADER = YES;
				CLANG_WARN_RANGE_LOOP_ANALYSIS = YES;
				CLANG_WARN_STRICT_PROTOTYPES = YES;
				CLANG_WARN_SUSPICIOUS_MOVE = YES;
				CLANG_WARN_UNGUARDED_AVAILABILITY = YES_AGGRESSIVE;
				CLANG_WARN_UNREACHABLE_CODE = YES;
				CLANG_WARN__DUPLICATE_METHOD_MATCH = YES;
				CODE_SIGN_STYLE = Automatic;
				COPY_PHASE_STRIP = NO;
				DEBUG_INFORMATION_FORMAT = dwarf;
				DEVELOPMENT_LANGUAGE = en;
				DEVELOPMENT_TEAM = 5VHRN5SF2P;
				ENABLE_STRICT_OBJC_MSGSEND = YES;
				ENABLE_TESTABILITY = YES;
				GCC_C_LANGUAGE_STANDARD = gnu11;
				GCC_DYNAMIC_NO_PIC = NO;
				GCC_NO_COMMON_BLOCKS = YES;
				GCC_OPTIMIZATION_LEVEL = 0;
				GCC_PREPROCESSOR_DEFINITIONS = (
					"$(inherited)",
					"DEBUG=1",
				);
				GCC_WARN_64_TO_32_BIT_CONVERSION = YES;
				GCC_WARN_ABOUT_RETURN_TYPE = YES_ERROR;
				GCC_WARN_UNDECLARED_SELECTOR = YES;
				GCC_WARN_UNINITIALIZED_AUTOS = YES_AGGRESSIVE;
				GCC_WARN_UNUSED_FUNCTION = YES;
				GCC_WARN_UNUSED_VARIABLE = YES;
				IPHONEOS_DEPLOYMENT_TARGET = 17.0;
				MTL_ENABLE_DEBUG_INFO = INCLUDE_SOURCE;
				MTL_FAST_MATH = YES;
				ONLY_ACTIVE_ARCH = YES;
				PRODUCT_NAME = "$(TARGET_NAME)";
				SDKROOT = iphoneos;
				SWIFT_ACTIVE_COMPILATION_CONDITIONS = DEBUG;
				SWIFT_OPTIMIZATION_LEVEL = "-Onone";
				SWIFT_STRICT_CONCURRENCY = minimal;
				SWIFT_VERSION = 5.0;
			};
			name = Debug;
		};
		703474ABD96F4C504BD0D1A6 /* Debug */ = {
			isa = XCBuildConfiguration;
			buildSettings = {
				BUNDLE_LOADER = "$(TEST_HOST)";
				GENERATE_INFOPLIST_FILE = YES;
				IPHONEOS_DEPLOYMENT_TARGET = 17.0;
				LD_RUNPATH_SEARCH_PATHS = (
					"$(inherited)",
					"@executable_path/Frameworks",
					"@loader_path/Frameworks",
				);
				PRODUCT_BUNDLE_IDENTIFIER = com.faisalnurarif.tapescan.tests;
				SDKROOT = iphoneos;
				TARGETED_DEVICE_FAMILY = "1,2";
				TEST_HOST = "$(BUILT_PRODUCTS_DIR)/TapeScan.app/TapeScan";
			};
			name = Debug;
		};
		729BD917F0ADC5CE5B6B0507 /* Release */ = {
			isa = XCBuildConfiguration;
			buildSettings = {
				ASSETCATALOG_COMPILER_APPICON_NAME = AppIcon;
				ASSETCATALOG_COMPILER_GLOBAL_ACCENT_COLOR_NAME = AccentColor;
				CODE_SIGN_ENTITLEMENTS = Sources/Resources/TapeScan.entitlements;
				CODE_SIGN_IDENTITY = "iPhone Developer";
				CURRENT_PROJECT_VERSION = 2;
				ENABLE_PREVIEWS = YES;
				GENERATE_INFOPLIST_FILE = NO;
				INFOPLIST_FILE = Sources/Resources/Info.plist;
				IPHONEOS_DEPLOYMENT_TARGET = 17.0;
				LD_RUNPATH_SEARCH_PATHS = (
					"$(inherited)",
					"@executable_path/Frameworks",
				);
				MARKETING_VERSION = 1.7;
				PRODUCT_BUNDLE_IDENTIFIER = com.faisalnurarif.tapescan;
				PRODUCT_NAME = TapeScan;
				SDKROOT = iphoneos;
				SWIFT_STRICT_CONCURRENCY = minimal;
				TARGETED_DEVICE_FAMILY = "1,2";
			};
			name = Release;
		};
		93FC97D709D47AC209DEF7D2 /* Debug */ = {
			isa = XCBuildConfiguration;
			buildSettings = {
				BUNDLE_LOADER = "$(TEST_HOST)";
				GENERATE_INFOPLIST_FILE = YES;
				IPHONEOS_DEPLOYMENT_TARGET = 17.0;
				LD_RUNPATH_SEARCH_PATHS = (
					"$(inherited)",
					"@executable_path/Frameworks",
					"@loader_path/Frameworks",
				);
				PRODUCT_BUNDLE_IDENTIFIER = com.faisalnurarif.tapescan.uitests;
				SDKROOT = iphoneos;
				TARGETED_DEVICE_FAMILY = "1,2";
				TEST_TARGET_NAME = TapeScan;
			};
			name = Debug;
		};
		D968AA3946543A500EAB9B22 /* Release */ = {
			isa = XCBuildConfiguration;
			buildSettings = {
				BUNDLE_LOADER = "$(TEST_HOST)";
				GENERATE_INFOPLIST_FILE = YES;
				IPHONEOS_DEPLOYMENT_TARGET = 17.0;
				LD_RUNPATH_SEARCH_PATHS = (
					"$(inherited)",
					"@executable_path/Frameworks",
					"@loader_path/Frameworks",
				);
				PRODUCT_BUNDLE_IDENTIFIER = com.faisalnurarif.tapescan.uitests;
				SDKROOT = iphoneos;
				TARGETED_DEVICE_FAMILY = "1,2";
				TEST_TARGET_NAME = TapeScan;
			};
			name = Release;
		};
		F80A7D15C185E06E9FAF94AC /* Release */ = {
			isa = XCBuildConfiguration;
			buildSettings = {
				ALWAYS_SEARCH_USER_PATHS = NO;
				CLANG_ANALYZER_NONNULL = YES;
				CLANG_ANALYZER_NUMBER_OBJECT_CONVERSION = YES_AGGRESSIVE;
				CLANG_CXX_LANGUAGE_STANDARD = "gnu++14";
				CLANG_CXX_LIBRARY = "libc++";
				CLANG_ENABLE_MODULES = YES;
				CLANG_ENABLE_OBJC_ARC = YES;
				CLANG_ENABLE_OBJC_WEAK = YES;
				CLANG_WARN_BLOCK_CAPTURE_AUTORELEASING = YES;
				CLANG_WARN_BOOL_CONVERSION = YES;
				CLANG_WARN_COMMA = YES;
				CLANG_WARN_CONSTANT_CONVERSION = YES;
				CLANG_WARN_DEPRECATED_OBJC_IMPLEMENTATIONS = YES;
				CLANG_WARN_DIRECT_OBJC_ISA_USAGE = YES_ERROR;
				CLANG_WARN_DOCUMENTATION_COMMENTS = YES;
				CLANG_WARN_EMPTY_BODY = YES;
				CLANG_WARN_ENUM_CONVERSION = YES;
				CLANG_WARN_INFINITE_RECURSION = YES;
				CLANG_WARN_INT_CONVERSION = YES;
				CLANG_WARN_NON_LITERAL_NULL_CONVERSION = YES;
				CLANG_WARN_OBJC_IMPLICIT_RETAIN_SELF = YES;
				CLANG_WARN_OBJC_LITERAL_CONVERSION = YES;
				CLANG_WARN_OBJC_ROOT_CLASS = YES_ERROR;
				CLANG_WARN_QUOTED_INCLUDE_IN_FRAMEWORK_HEADER = YES;
				CLANG_WARN_RANGE_LOOP_ANALYSIS = YES;
				CLANG_WARN_STRICT_PROTOTYPES = YES;
				CLANG_WARN_SUSPICIOUS_MOVE = YES;
				CLANG_WARN_UNGUARDED_AVAILABILITY = YES_AGGRESSIVE;
				CLANG_WARN_UNREACHABLE_CODE = YES;
				CLANG_WARN__DUPLICATE_METHOD_MATCH = YES;
				CODE_SIGN_STYLE = Automatic;
				COPY_PHASE_STRIP = NO;
				DEBUG_INFORMATION_FORMAT = "dwarf-with-dsym";
				DEVELOPMENT_LANGUAGE = en;
				DEVELOPMENT_TEAM = 5VHRN5SF2P;
				ENABLE_NS_ASSERTIONS = NO;
				ENABLE_STRICT_OBJC_MSGSEND = YES;
				GCC_C_LANGUAGE_STANDARD = gnu11;
				GCC_NO_COMMON_BLOCKS = YES;
				GCC_WARN_64_TO_32_BIT_CONVERSION = YES;
				GCC_WARN_ABOUT_RETURN_TYPE = YES_ERROR;
				GCC_WARN_UNDECLARED_SELECTOR = YES;
				GCC_WARN_UNINITIALIZED_AUTOS = YES_AGGRESSIVE;
				GCC_WARN_UNUSED_FUNCTION = YES;
				GCC_WARN_UNUSED_VARIABLE = YES;
				IPHONEOS_DEPLOYMENT_TARGET = 17.0;
				MTL_ENABLE_DEBUG_INFO = NO;
				MTL_FAST_MATH = YES;
				PRODUCT_NAME = "$(TARGET_NAME)";
				SDKROOT = iphoneos;
				SWIFT_COMPILATION_MODE = wholemodule;
				SWIFT_OPTIMIZATION_LEVEL = "-O";
				SWIFT_STRICT_CONCURRENCY = minimal;
				SWIFT_VERSION = 5.0;
			};
			name = Release;
		};
/* End XCBuildConfiguration section */

/* Begin XCConfigurationList section */
		4B613ACA4F555E47FBD6E486 /* Build configuration list for PBXProject "TapeMeasureARPro" */ = {
			isa = XCConfigurationList;
			buildConfigurations = (
				6C5B7BEA063FE452547F0BE9 /* Debug */,
				F80A7D15C185E06E9FAF94AC /* Release */,
			);
			defaultConfigurationIsVisible = 0;
			defaultConfigurationName = Debug;
		};
		5744FF876F6A46608796AF4B /* Build configuration list for PBXNativeTarget "TapeScan" */ = {
			isa = XCConfigurationList;
			buildConfigurations = (
				03C6C7FA2673C0ECF3FC3307 /* Debug */,
				729BD917F0ADC5CE5B6B0507 /* Release */,
			);
			defaultConfigurationIsVisible = 0;
			defaultConfigurationName = Debug;
		};
		7377904901C7685F5C1FE3B2 /* Build configuration list for PBXNativeTarget "TapeScanTests" */ = {
			isa = XCConfigurationList;
			buildConfigurations = (
				703474ABD96F4C504BD0D1A6 /* Debug */,
				66B10382045D65B762738E8C /* Release */,
			);
			defaultConfigurationIsVisible = 0;
			defaultConfigurationName = Debug;
		};
		78D90AD8C62CAB19BBE2A6B4 /* Build configuration list for PBXNativeTarget "TapeScanUITests" */ = {
			isa = XCConfigurationList;
			buildConfigurations = (
				93FC97D709D47AC209DEF7D2 /* Debug */,
				D968AA3946543A500EAB9B22 /* Release */,
			);
			defaultConfigurationIsVisible = 0;
			defaultConfigurationName = Debug;
		};
/* End XCConfigurationList section */

/* Begin XCRemoteSwiftPackageReference section */
		84E244D5BDE7AB6C55C35EE6 /* XCRemoteSwiftPackageReference "supabase-swift" */ = {
			isa = XCRemoteSwiftPackageReference;
			repositoryURL = "https://github.com/supabase/supabase-swift";
			requirement = {
				kind = upToNextMajorVersion;
				minimumVersion = 2.0.0;
			};
		};
		D8031CD12FF02BFA007F1285 /* XCRemoteSwiftPackageReference "firebase-ios-sdk" */ = {
			isa = XCRemoteSwiftPackageReference;
			repositoryURL = "https://github.com/firebase/firebase-ios-sdk.git";
			requirement = {
				kind = upToNextMajorVersion;
				minimumVersion = 12.15.0;
			};
		};
		DE6DC5055A88C9070971D19D /* XCRemoteSwiftPackageReference "GoogleSignIn-iOS" */ = {
			isa = XCRemoteSwiftPackageReference;
			repositoryURL = "https://github.com/google/GoogleSignIn-iOS";
			requirement = {
				kind = versionRange;
				maximumVersion = 9.0.0;
				minimumVersion = 7.0.0;
			};
		};
/* End XCRemoteSwiftPackageReference section */

/* Begin XCSwiftPackageProductDependency section */
		0DE5065621590E9735B598EF /* Supabase */ = {
			isa = XCSwiftPackageProductDependency;
			package = 84E244D5BDE7AB6C55C35EE6 /* XCRemoteSwiftPackageReference "supabase-swift" */;
			productName = Supabase;
		};
		9A6EFC756E3FDD1D4B9F7BD8 /* GoogleSignIn */ = {
			isa = XCSwiftPackageProductDependency;
			package = DE6DC5055A88C9070971D19D /* XCRemoteSwiftPackageReference "GoogleSignIn-iOS" */;
			productName = GoogleSignIn;
		};
		D8031CD22FF02BFA007F1285 /* FirebaseAnalytics */ = {
			isa = XCSwiftPackageProductDependency;
			package = D8031CD12FF02BFA007F1285 /* XCRemoteSwiftPackageReference "firebase-ios-sdk" */;
			productName = FirebaseAnalytics;
		};
		D8031CD42FF02BFA007F1285 /* FirebaseAnalyticsCore */ = {
			isa = XCSwiftPackageProductDependency;
			package = D8031CD12FF02BFA007F1285 /* XCRemoteSwiftPackageReference "firebase-ios-sdk" */;
			productName = FirebaseAnalyticsCore;
		};
/* End XCSwiftPackageProductDependency section */
	};
	rootObject = 3F122ADEC9B9E63256D6D0B3 /* Project object */;
}
